// !$*UTF8*$!
{
	archiveVersion = 1;
	classes = {
	};
	objectVersion = 54;
	objects = {

/* Begin PBXBuildFile section */
		058B9B457ED6648693DC97A4 /* Pods_Ride_Share_FRTests.framework in Frameworks */ = {isa = PBXBuildFile; fileRef = E17F3A95599BE87862A639D8 /* Pods_Ride_Share_FRTests.framework */; };
		1C4EDDBA5865441A9FAD34BA /* Pods_Ride_Share_FR.framework in Frameworks */ = {isa = PBXBuildFile; fileRef = 4AB08A85FC2C40A0F47CEFE2 /* Pods_Ride_Share_FR.framework */; };
		387162BF6A24C0A9E716D31C /* Pods_Ride_Share_FR_Ride_Share_FRUITests.framework in Frameworks */ = {isa = PBXBuildFile; fileRef = 5FCF2F8F147D9A06FFC99FD7 /* Pods_Ride_Share_FR_Ride_Share_FRUITests.framework */; };
		48BCFE0128C20ED30055CB93 /* RateUserByDriverVC.swift in Sources */ = {isa = PBXBuildFile; fileRef = 48BCFE0028C20ED30055CB93 /* RateUserByDriverVC.swift */; };
		7D11EBD428B6518B00AB8B3B /* CarAnimator.swift in Sources */ = {isa = PBXBuildFile; fileRef = 7D11EBD328B6518B00AB8B3B /* CarAnimator.swift */; };
		7D11EBD628B6519200AB8B3B /* Extensions.swift in Sources */ = {isa = PBXBuildFile; fileRef = 7D11EBD528B6519200AB8B3B /* Extensions.swift */; };
		7D11EBD828B6519900AB8B3B /* LocationTracker.swift in Sources */ = {isa = PBXBuildFile; fileRef = 7D11EBD728B6519900AB8B3B /* LocationTracker.swift */; };
		7D11EBDA28B6526B00AB8B3B /* mapstogpx20190207_115833.gpx in Resources */ = {isa = PBXBuildFile; fileRef = 7D11EBD928B6526B00AB8B3B /* mapstogpx20190207_115833.gpx */; };
		7D11EBDC28B6527200AB8B3B /* mapStyle2.json in Resources */ = {isa = PBXBuildFile; fileRef = 7D11EBDB28B6527100AB8B3B /* mapStyle2.json */; };
		7D1C77D2286D827A00CD2C45 /* AppHelper.swift in Sources */ = {isa = PBXBuildFile; fileRef = 7D1C77CB286D827900CD2C45 /* AppHelper.swift */; };
		7D1C77D3286D827A00CD2C45 /* DSUserPrefrence.swift in Sources */ = {isa = PBXBuildFile; fileRef = 7D1C77CC286D827900CD2C45 /* DSUserPrefrence.swift */; };
		7D1C77D4286D827A00CD2C45 /* ServicesClass.swift in Sources */ = {isa = PBXBuildFile; fileRef = 7D1C77CD286D827900CD2C45 /* ServicesClass.swift */; };
		7D1C77D5286D827A00CD2C45 /* Common.swift in Sources */ = {isa = PBXBuildFile; fileRef = 7D1C77CE286D827900CD2C45 /* Common.swift */; };
		7D1C77D6286D827A00CD2C45 /* ActivityIndicator.swift in Sources */ = {isa = PBXBuildFile; fileRef = 7D1C77CF286D827900CD2C45 /* ActivityIndicator.swift */; };
		7D1C77D7286D827A00CD2C45 /* AppServices.swift in Sources */ = {isa = PBXBuildFile; fileRef = 7D1C77D0286D827900CD2C45 /* AppServices.swift */; };
		7D1C77DC286D828700CD2C45 /* SlidingContainerSliderView.swift in Sources */ = {isa = PBXBuildFile; fileRef = 7D1C77D9286D828700CD2C45 /* SlidingContainerSliderView.swift */; };
		7D1C77DD286D828700CD2C45 /* SwiftLoader.swift in Sources */ = {isa = PBXBuildFile; fileRef = 7D1C77DA286D828700CD2C45 /* SwiftLoader.swift */; };
		7D1C77DE286D828700CD2C45 /* SlidingContainerViewController.swift in Sources */ = {isa = PBXBuildFile; fileRef = 7D1C77DB286D828700CD2C45 /* SlidingContainerViewController.swift */; };
		7D1C77E0286D845900CD2C45 /* ViewUtils.swift in Sources */ = {isa = PBXBuildFile; fileRef = 7D1C77DF286D845900CD2C45 /* ViewUtils.swift */; };
		7D1C77E2286D84A700CD2C45 /* Facade.swift in Sources */ = {isa = PBXBuildFile; fileRef = 7D1C77E1286D84A700CD2C45 /* Facade.swift */; };
		7D1C77E5286DA59A00CD2C45 /* ChangePasswordVC.swift in Sources */ = {isa = PBXBuildFile; fileRef = 7D1C77E4286DA59A00CD2C45 /* ChangePasswordVC.swift */; };
		7D1C77E8286DAA4A00CD2C45 /* RatingVC.swift in Sources */ = {isa = PBXBuildFile; fileRef = 7D1C77E7286DAA4A00CD2C45 /* RatingVC.swift */; };
		7D1C77EA286DAA5A00CD2C45 /* RatingViewCell.swift in Sources */ = {isa = PBXBuildFile; fileRef = 7D1C77E9286DAA5A00CD2C45 /* RatingViewCell.swift */; };
		7D1C77ED286DAE9900CD2C45 /* ContactUsVC.swift in Sources */ = {isa = PBXBuildFile; fileRef = 7D1C77EC286DAE9900CD2C45 /* ContactUsVC.swift */; };
		7D1C77F0286DB52C00CD2C45 /* AboutUsVC.swift in Sources */ = {isa = PBXBuildFile; fileRef = 7D1C77EF286DB52C00CD2C45 /* AboutUsVC.swift */; };
		7D3031D2286C1EA700C7E5D6 /* UpdateDocumentVC.swift in Sources */ = {isa = PBXBuildFile; fileRef = 7D3031D1286C1EA700C7E5D6 /* UpdateDocumentVC.swift */; };
		7D3031D4286C1EE500C7E5D6 /* UpadateDocumentCell.swift in Sources */ = {isa = PBXBuildFile; fileRef = 7D3031D3286C1EE500C7E5D6 /* UpadateDocumentCell.swift */; };
		7D3031D6286C1F0F00C7E5D6 /* SaveMangeDocumentCell.swift in Sources */ = {isa = PBXBuildFile; fileRef = 7D3031D5286C1F0F00C7E5D6 /* SaveMangeDocumentCell.swift */; };
		7D3031D8286C1F2C00C7E5D6 /* SaveManageDocumentVC.swift in Sources */ = {isa = PBXBuildFile; fileRef = 7D3031D7286C1F2C00C7E5D6 /* SaveManageDocumentVC.swift */; };
		7D3031DA286C28B400C7E5D6 /* AccountDetailsVC.swift in Sources */ = {isa = PBXBuildFile; fileRef = 7D3031D9286C28B400C7E5D6 /* AccountDetailsVC.swift */; };
		7D3996A028B3B7E400E25694 /* GoogleService-Info.plist in Resources */ = {isa = PBXBuildFile; fileRef = 7D39969F28B3B7E400E25694 /* GoogleService-Info.plist */; };
		7D67A6F42862F98500456803 /* AcceptJobVC.swift in Sources */ = {isa = PBXBuildFile; fileRef = 7D67A6F32862F98500456803 /* AcceptJobVC.swift */; };
		7D67A6F62862F9E700456803 /* TrackingVC.swift in Sources */ = {isa = PBXBuildFile; fileRef = 7D67A6F52862F9E700456803 /* TrackingVC.swift */; };
		7D67A6F82862F9F600456803 /* EarnMoneyVC.swift in Sources */ = {isa = PBXBuildFile; fileRef = 7D67A6F72862F9F600456803 /* EarnMoneyVC.swift */; };
		7D67A6FB28633A9400456803 /* LoginViewController.swift in Sources */ = {isa = PBXBuildFile; fileRef = 7D67A6FA28633A9300456803 /* LoginViewController.swift */; };
		7D77754E28CF4BB1007F416D /* BankDetails.swift in Sources */ = {isa = PBXBuildFile; fileRef = 7D77754D28CF4BB1007F416D /* BankDetails.swift */; };
		7D7FC1AA28C5E277007E2562 /* Roboto-Medium.ttf in Resources */ = {isa = PBXBuildFile; fileRef = 7D7FC1A728C5E277007E2562 /* Roboto-Medium.ttf */; };
		7D7FC1AB28C5E277007E2562 /* Roboto-Regular.ttf in Resources */ = {isa = PBXBuildFile; fileRef = 7D7FC1A828C5E277007E2562 /* Roboto-Regular.ttf */; };
		7D7FC1AC28C5E277007E2562 /* Roboto-Bold.ttf in Resources */ = {isa = PBXBuildFile; fileRef = 7D7FC1A928C5E277007E2562 /* Roboto-Bold.ttf */; };
		7D7FC1AE28C5E2D2007E2562 /* DriveRatingModel.swift in Sources */ = {isa = PBXBuildFile; fileRef = 7D7FC1AD28C5E2D2007E2562 /* DriveRatingModel.swift */; };
		7D8CCCAE2881B40600154DB2 /* VehicleDetailsModel.swift in Sources */ = {isa = PBXBuildFile; fileRef = 7D8CCCAD2881B40600154DB2 /* VehicleDetailsModel.swift */; };
		7D96C1862862E21E001E585C /* AppDelegate.swift in Sources */ = {isa = PBXBuildFile; fileRef = 7D96C1852862E21E001E585C /* AppDelegate.swift */; };
		7D96C1882862E21E001E585C /* SceneDelegate.swift in Sources */ = {isa = PBXBuildFile; fileRef = 7D96C1872862E21E001E585C /* SceneDelegate.swift */; };
		7D96C18A2862E21E001E585C /* ViewController.swift in Sources */ = {isa = PBXBuildFile; fileRef = 7D96C1892862E21E001E585C /* ViewController.swift */; };
		7D96C18D2862E21E001E585C /* Main.storyboard in Resources */ = {isa = PBXBuildFile; fileRef = 7D96C18B2862E21E001E585C /* Main.storyboard */; };
		7D96C18F2862E225001E585C /* Assets.xcassets in Resources */ = {isa = PBXBuildFile; fileRef = 7D96C18E2862E225001E585C /* Assets.xcassets */; };
		7D96C1922862E225001E585C /* LaunchScreen.storyboard in Resources */ = {isa = PBXBuildFile; fileRef = 7D96C1902862E225001E585C /* LaunchScreen.storyboard */; };
		7D96C19D2862E225001E585C /* Ride_Share_FRTests.swift in Sources */ = {isa = PBXBuildFile; fileRef = 7D96C19C2862E225001E585C /* Ride_Share_FRTests.swift */; };
		7D96C1A72862E225001E585C /* Ride_Share_FRUITests.swift in Sources */ = {isa = PBXBuildFile; fileRef = 7D96C1A62862E225001E585C /* Ride_Share_FRUITests.swift */; };
		7D96C1A92862E225001E585C /* Ride_Share_FRUITestsLaunchTests.swift in Sources */ = {isa = PBXBuildFile; fileRef = 7D96C1A82862E225001E585C /* Ride_Share_FRUITestsLaunchTests.swift */; };
		7D9EB34A28BE3C020089A8CC /* UserPickUopDropOffDetailsVC.swift in Sources */ = {isa = PBXBuildFile; fileRef = 7D9EB34928BE3C020089A8CC /* UserPickUopDropOffDetailsVC.swift */; };
		7DA01CB02872EC8F0097A1EC /* SidePanelBaseViewController.swift in Sources */ = {isa = PBXBuildFile; fileRef = 7DA01CA82872EC8F0097A1EC /* SidePanelBaseViewController.swift */; };
		7DA01CB12872EC8F0097A1EC /* SideMenuCell.swift in Sources */ = {isa = PBXBuildFile; fileRef = 7DA01CA92872EC8F0097A1EC /* SideMenuCell.swift */; };
		7DA01CB22872EC8F0097A1EC /* SSAnimationManager.swift in Sources */ = {isa = PBXBuildFile; fileRef = 7DA01CAB2872EC8F0097A1EC /* SSAnimationManager.swift */; };
		7DA01CB32872EC8F0097A1EC /* SSAnimatorPopup.swift in Sources */ = {isa = PBXBuildFile; fileRef = 7DA01CAC2872EC8F0097A1EC /* SSAnimatorPopup.swift */; };
		7DA01CB42872EC8F0097A1EC /* SSAnimatorCameFromTop.swift in Sources */ = {isa = PBXBuildFile; fileRef = 7DA01CAD2872EC8F0097A1EC /* SSAnimatorCameFromTop.swift */; };
		7DA01CB52872EC8F0097A1EC /* BaseNavigationController.swift in Sources */ = {isa = PBXBuildFile; fileRef = 7DA01CAE2872EC8F0097A1EC /* BaseNavigationController.swift */; };
		7DA01CB62872EC8F0097A1EC /* SideMenuController.swift in Sources */ = {isa = PBXBuildFile; fileRef = 7DA01CAF2872EC8F0097A1EC /* SideMenuController.swift */; };
		7DA01CB82872F1B20097A1EC /* FAIcon.swift in Sources */ = {isa = PBXBuildFile; fileRef = 7DA01CB72872F1B20097A1EC /* FAIcon.swift */; };
		7DA01CBD2872FED80097A1EC /* WalletAccountDetailsVC.swift in Sources */ = {isa = PBXBuildFile; fileRef = 7DA01CBC2872FED80097A1EC /* WalletAccountDetailsVC.swift */; };
		7DA01CCA287329520097A1EC /* RideHistoryVC.swift in Sources */ = {isa = PBXBuildFile; fileRef = 7DA01CC9287329520097A1EC /* RideHistoryVC.swift */; };
		7DA01CCC287329760097A1EC /* RideHistoryViewCell.swift in Sources */ = {isa = PBXBuildFile; fileRef = 7DA01CCB287329760097A1EC /* RideHistoryViewCell.swift */; };
		7DAA5E2C28C72DDA0049298C /* DeleteAccountVC.swift in Sources */ = {isa = PBXBuildFile; fileRef = 7DAA5E2B28C72DD90049298C /* DeleteAccountVC.swift */; };
		7DB5CF632864406700E83DE7 /* SignUpViewController.swift in Sources */ = {isa = PBXBuildFile; fileRef = 7DB5CF622864406700E83DE7 /* SignUpViewController.swift */; };
		7DB5CF6528644F6200E83DE7 /* ForgetPasswordVC.swift in Sources */ = {isa = PBXBuildFile; fileRef = 7DB5CF6428644F6200E83DE7 /* ForgetPasswordVC.swift */; };
		7DB5CF6728645F7200E83DE7 /* OtpVerificationVC.swift in Sources */ = {isa = PBXBuildFile; fileRef = 7DB5CF6628645F7100E83DE7 /* OtpVerificationVC.swift */; };
		7DB5CF69286487E200E83DE7 /* ResetPasswordVC.swift in Sources */ = {isa = PBXBuildFile; fileRef = 7DB5CF68286487E200E83DE7 /* ResetPasswordVC.swift */; };
		7DB5CF6B286491B800E83DE7 /* VehicleDetailsVC.swift in Sources */ = {isa = PBXBuildFile; fileRef = 7DB5CF6A286491B800E83DE7 /* VehicleDetailsVC.swift */; };
		7DB625562886FE10006AD196 /* ProfileModel.swift in Sources */ = {isa = PBXBuildFile; fileRef = 7DB625552886FE10006AD196 /* ProfileModel.swift */; };
		7DB62C7B28B4AEA300B8198F /* HistoryModel.swift in Sources */ = {isa = PBXBuildFile; fileRef = 7DB62C7A28B4AEA300B8198F /* HistoryModel.swift */; };
		7DB62C7E28B4BC9B00B8198F /* UserOtpVerificationVC.swift in Sources */ = {isa = PBXBuildFile; fileRef = 7DB62C7D28B4BC9B00B8198F /* UserOtpVerificationVC.swift */; };
		7DBC06FB28929E2E00E692F4 /* UserDetailsVC.swift in Sources */ = {isa = PBXBuildFile; fileRef = 7DBC06FA28929E2E00E692F4 /* UserDetailsVC.swift */; };
		7DBC07012892B88C00E692F4 /* NotificationModel.swift in Sources */ = {isa = PBXBuildFile; fileRef = 7DBC07002892B88C00E692F4 /* NotificationModel.swift */; };
		7DBCC0352878007D0064F9D9 /* String_Extension.swift in Sources */ = {isa = PBXBuildFile; fileRef = 7DBCC0342878007C0064F9D9 /* String_Extension.swift */; };
		7DBD9F6C2869962300AE1655 /* MenuView.swift in Sources */ = {isa = PBXBuildFile; fileRef = 7DBD9F6B2869962300AE1655 /* MenuView.swift */; };
		7DBD9F6E2869963600AE1655 /* MenuView.xib in Resources */ = {isa = PBXBuildFile; fileRef = 7DBD9F6D2869963600AE1655 /* MenuView.xib */; };
		7DBD9F702869965100AE1655 /* MenuCell.swift in Sources */ = {isa = PBXBuildFile; fileRef = 7DBD9F6F2869965000AE1655 /* MenuCell.swift */; };
		7DBD9F722869965700AE1655 /* MenuCell.xib in Resources */ = {isa = PBXBuildFile; fileRef = 7DBD9F712869965700AE1655 /* MenuCell.xib */; };
		7DBD9F74286996D900AE1655 /* ExtensionUtils.swift in Sources */ = {isa = PBXBuildFile; fileRef = 7DBD9F73286996D900AE1655 /* ExtensionUtils.swift */; };
		7DBD9F7728699CC300AE1655 /* DashboardViewController.swift in Sources */ = {isa = PBXBuildFile; fileRef = 7DBD9F7628699CC300AE1655 /* DashboardViewController.swift */; };
		7DBD9F7A2869A34A00AE1655 /* Constant.swift in Sources */ = {isa = PBXBuildFile; fileRef = 7DBD9F792869A34A00AE1655 /* Constant.swift */; };
		7DBD9F7D2869CE7800AE1655 /* SettingViewController.swift in Sources */ = {isa = PBXBuildFile; fileRef = 7DBD9F7C2869CE7800AE1655 /* SettingViewController.swift */; };
		7DBED3162893C4510055F87E /* UserPickUpDropDetailsVC.swift in Sources */ = {isa = PBXBuildFile; fileRef = 7DBED3152893C4510055F87E /* UserPickUpDropDetailsVC.swift */; };
		7DC11A4A286F4EAE004AE1A0 /* WalletViewController.swift in Sources */ = {isa = PBXBuildFile; fileRef = 7DC11A49286F4EAD004AE1A0 /* WalletViewController.swift */; };
		7DC3114C2865E2CA00D295E8 /* VehicleDocumentVC.swift in Sources */ = {isa = PBXBuildFile; fileRef = 7DC3114B2865E2CA00D295E8 /* VehicleDocumentVC.swift */; };
		7DC3114E2865E2E800D295E8 /* VehicleDocumentViewCell.swift in Sources */ = {isa = PBXBuildFile; fileRef = 7DC3114D2865E2E800D295E8 /* VehicleDocumentViewCell.swift */; };
		7DC4AEA5286AC9C600D2C54C /* ProfileViewController.swift in Sources */ = {isa = PBXBuildFile; fileRef = 7DC4AEA4286AC9C600D2C54C /* ProfileViewController.swift */; };
		7DC4AEA7286AD04000D2C54C /* UpdateProfileVC.swift in Sources */ = {isa = PBXBuildFile; fileRef = 7DC4AEA6286AD04000D2C54C /* UpdateProfileVC.swift */; };
		7DC8A3C328B8C88100DCBEA3 /* StartRideModel.swift in Sources */ = {isa = PBXBuildFile; fileRef = 7DC8A3C228B8C88000DCBEA3 /* StartRideModel.swift */; };
		7DD356062875715C00C73E41 /* DismissAlert.swift in Sources */ = {isa = PBXBuildFile; fileRef = 7DD356052875715C00C73E41 /* DismissAlert.swift */; };
		7DD356082875716D00C73E41 /* Validation.swift in Sources */ = {isa = PBXBuildFile; fileRef = 7DD356072875716D00C73E41 /* Validation.swift */; };
		7DD3560B2875754000C73E41 /* LocationController.swift in Sources */ = {isa = PBXBuildFile; fileRef = 7DD3560A2875754000C73E41 /* LocationController.swift */; };
		7DD3560D28757B1900C73E41 /* LocationGetViewController.swift in Sources */ = {isa = PBXBuildFile; fileRef = 7DD3560C28757B1800C73E41 /* LocationGetViewController.swift */; };
		7DDC9E7E28BCA5660001A08C /* TotalFareDetailsVC.swift in Sources */ = {isa = PBXBuildFile; fileRef = 7DDC9E7D28BCA5660001A08C /* TotalFareDetailsVC.swift */; };
		7DDC9E8028BCA8D80001A08C /* EndTripDriverVC.swift in Sources */ = {isa = PBXBuildFile; fileRef = 7DDC9E7F28BCA8D80001A08C /* EndTripDriverVC.swift */; };
		7DDC9E8228BCD8330001A08C /* TotalFareDetails.swift in Sources */ = {isa = PBXBuildFile; fileRef = 7DDC9E8128BCD8330001A08C /* TotalFareDetails.swift */; };
		7DDF276328869B0E0055E29D /* LoginModel.swift in Sources */ = {isa = PBXBuildFile; fileRef = 7DDF276228869B0D0055E29D /* LoginModel.swift */; };
		7DDF27652886AE130055E29D /* VehicleCategoryModel.swift in Sources */ = {isa = PBXBuildFile; fileRef = 7DDF27642886AE130055E29D /* VehicleCategoryModel.swift */; };
		7DE2830B28BF5E6E00B8B55A /* TotalEarnDriverModel.swift in Sources */ = {isa = PBXBuildFile; fileRef = 7DE2830A28BF5E6E00B8B55A /* TotalEarnDriverModel.swift */; };
		7DF55E70286B2DDD009A45EB /* ManageVehicleVC.swift in Sources */ = {isa = PBXBuildFile; fileRef = 7DF55E6F286B2DDD009A45EB /* ManageVehicleVC.swift */; };
		7DF55E74286B43A7009A45EB /* UpdateVehicleVC.swift in Sources */ = {isa = PBXBuildFile; fileRef = 7DF55E73286B43A7009A45EB /* UpdateVehicleVC.swift */; };
		7DFA17BE286C7D5400A86483 /* NotificationVC.swift in Sources */ = {isa = PBXBuildFile; fileRef = 7DFA17BD286C7D5400A86483 /* NotificationVC.swift */; };
		7DFA17C0286C7D6600A86483 /* NotificationViewCell.swift in Sources */ = {isa = PBXBuildFile; fileRef = 7DFA17BF286C7D6600A86483 /* NotificationViewCell.swift */; };
/* End PBXBuildFile section */

/* Begin PBXContainerItemProxy section */
		7D96C1992862E225001E585C /* PBXContainerItemProxy */ = {
			isa = PBXContainerItemProxy;
			containerPortal = 7D96C17A2862E21E001E585C /* Project object */;
			proxyType = 1;
			remoteGlobalIDString = 7D96C1812862E21E001E585C;
			remoteInfo = "Ride-Share FR";
		};
		7D96C1A32862E225001E585C /* PBXContainerItemProxy */ = {
			isa = PBXContainerItemProxy;
			containerPortal = 7D96C17A2862E21E001E585C /* Project object */;
			proxyType = 1;
			remoteGlobalIDString = 7D96C1812862E21E001E585C;
			remoteInfo = "Ride-Share FR";
		};
/* End PBXContainerItemProxy section */

/* Begin PBXFileReference section */
		48BCFE0028C20ED30055CB93 /* RateUserByDriverVC.swift */ = {isa = PBXFileReference; lastKnownFileType = sourcecode.swift; path = RateUserByDriverVC.swift; sourceTree = "<group>"; };
		4AB08A85FC2C40A0F47CEFE2 /* Pods_Ride_Share_FR.framework */ = {isa = PBXFileReference; explicitFileType = wrapper.framework; includeInIndex = 0; path = Pods_Ride_Share_FR.framework; sourceTree = BUILT_PRODUCTS_DIR; };
		5FCF2F8F147D9A06FFC99FD7 /* Pods_Ride_Share_FR_Ride_Share_FRUITests.framework */ = {isa = PBXFileReference; explicitFileType = wrapper.framework; includeInIndex = 0; path = Pods_Ride_Share_FR_Ride_Share_FRUITests.framework; sourceTree = BUILT_PRODUCTS_DIR; };
		728BC1213F1FBF4EB7D14307 /* Pods-Ride-Share FRTests.release.xcconfig */ = {isa = PBXFileReference; includeInIndex = 1; lastKnownFileType = text.xcconfig; name = "Pods-Ride-Share FRTests.release.xcconfig"; path = "Target Support Files/Pods-Ride-Share FRTests/Pods-Ride-Share FRTests.release.xcconfig"; sourceTree = "<group>"; };
		768B96408A08ED390224FBC3 /* Pods-Ride-Share FR.debug.xcconfig */ = {isa = PBXFileReference; includeInIndex = 1; lastKnownFileType = text.xcconfig; name = "Pods-Ride-Share FR.debug.xcconfig"; path = "Target Support Files/Pods-Ride-Share FR/Pods-Ride-Share FR.debug.xcconfig"; sourceTree = "<group>"; };
		7D11EBD328B6518B00AB8B3B /* CarAnimator.swift */ = {isa = PBXFileReference; fileEncoding = 4; lastKnownFileType = sourcecode.swift; path = CarAnimator.swift; sourceTree = "<group>"; };
		7D11EBD528B6519200AB8B3B /* Extensions.swift */ = {isa = PBXFileReference; fileEncoding = 4; lastKnownFileType = sourcecode.swift; path = Extensions.swift; sourceTree = "<group>"; };
		7D11EBD728B6519900AB8B3B /* LocationTracker.swift */ = {isa = PBXFileReference; fileEncoding = 4; lastKnownFileType = sourcecode.swift; path = LocationTracker.swift; sourceTree = "<group>"; };
		7D11EBD928B6526B00AB8B3B /* mapstogpx20190207_115833.gpx */ = {isa = PBXFileReference; fileEncoding = 4; lastKnownFileType = text.xml; path = mapstogpx20190207_115833.gpx; sourceTree = "<group>"; };
		7D11EBDB28B6527100AB8B3B /* mapStyle2.json */ = {isa = PBXFileReference; fileEncoding = 4; lastKnownFileType = text.json; path = mapStyle2.json; sourceTree = "<group>"; };
		7D1C77CB286D827900CD2C45 /* AppHelper.swift */ = {isa = PBXFileReference; fileEncoding = 4; lastKnownFileType = sourcecode.swift; path = AppHelper.swift; sourceTree = "<group>"; };
		7D1C77CC286D827900CD2C45 /* DSUserPrefrence.swift */ = {isa = PBXFileReference; fileEncoding = 4; lastKnownFileType = sourcecode.swift; path = DSUserPrefrence.swift; sourceTree = "<group>"; };
		7D1C77CD286D827900CD2C45 /* ServicesClass.swift */ = {isa = PBXFileReference; fileEncoding = 4; lastKnownFileType = sourcecode.swift; path = ServicesClass.swift; sourceTree = "<group>"; };
		7D1C77CE286D827900CD2C45 /* Common.swift */ = {isa = PBXFileReference; fileEncoding = 4; lastKnownFileType = sourcecode.swift; path = Common.swift; sourceTree = "<group>"; };
		7D1C77CF286D827900CD2C45 /* ActivityIndicator.swift */ = {isa = PBXFileReference; fileEncoding = 4; lastKnownFileType = sourcecode.swift; path = ActivityIndicator.swift; sourceTree = "<group>"; };
		7D1C77D0286D827900CD2C45 /* AppServices.swift */ = {isa = PBXFileReference; fileEncoding = 4; lastKnownFileType = sourcecode.swift; path = AppServices.swift; sourceTree = "<group>"; };
		7D1C77D9286D828700CD2C45 /* SlidingContainerSliderView.swift */ = {isa = PBXFileReference; fileEncoding = 4; lastKnownFileType = sourcecode.swift; path = SlidingContainerSliderView.swift; sourceTree = "<group>"; };
		7D1C77DA286D828700CD2C45 /* SwiftLoader.swift */ = {isa = PBXFileReference; fileEncoding = 4; lastKnownFileType = sourcecode.swift; path = SwiftLoader.swift; sourceTree = "<group>"; };
		7D1C77DB286D828700CD2C45 /* SlidingContainerViewController.swift */ = {isa = PBXFileReference; fileEncoding = 4; lastKnownFileType = sourcecode.swift; path = SlidingContainerViewController.swift; sourceTree = "<group>"; };
		7D1C77DF286D845900CD2C45 /* ViewUtils.swift */ = {isa = PBXFileReference; fileEncoding = 4; lastKnownFileType = sourcecode.swift; path = ViewUtils.swift; sourceTree = "<group>"; };
		7D1C77E1286D84A700CD2C45 /* Facade.swift */ = {isa = PBXFileReference; fileEncoding = 4; lastKnownFileType = sourcecode.swift; path = Facade.swift; sourceTree = "<group>"; };
		7D1C77E4286DA59A00CD2C45 /* ChangePasswordVC.swift */ = {isa = PBXFileReference; lastKnownFileType = sourcecode.swift; path = ChangePasswordVC.swift; sourceTree = "<group>"; };
		7D1C77E7286DAA4A00CD2C45 /* RatingVC.swift */ = {isa = PBXFileReference; lastKnownFileType = sourcecode.swift; path = RatingVC.swift; sourceTree = "<group>"; };
		7D1C77E9286DAA5A00CD2C45 /* RatingViewCell.swift */ = {isa = PBXFileReference; lastKnownFileType = sourcecode.swift; path = RatingViewCell.swift; sourceTree = "<group>"; };
		7D1C77EC286DAE9900CD2C45 /* ContactUsVC.swift */ = {isa = PBXFileReference; lastKnownFileType = sourcecode.swift; path = ContactUsVC.swift; sourceTree = "<group>"; };
		7D1C77EF286DB52C00CD2C45 /* AboutUsVC.swift */ = {isa = PBXFileReference; lastKnownFileType = sourcecode.swift; path = AboutUsVC.swift; sourceTree = "<group>"; };
		7D3031D1286C1EA700C7E5D6 /* UpdateDocumentVC.swift */ = {isa = PBXFileReference; lastKnownFileType = sourcecode.swift; path = UpdateDocumentVC.swift; sourceTree = "<group>"; };
		7D3031D3286C1EE500C7E5D6 /* UpadateDocumentCell.swift */ = {isa = PBXFileReference; lastKnownFileType = sourcecode.swift; path = UpadateDocumentCell.swift; sourceTree = "<group>"; };
		7D3031D5286C1F0F00C7E5D6 /* SaveMangeDocumentCell.swift */ = {isa = PBXFileReference; lastKnownFileType = sourcecode.swift; path = SaveMangeDocumentCell.swift; sourceTree = "<group>"; };
		7D3031D7286C1F2C00C7E5D6 /* SaveManageDocumentVC.swift */ = {isa = PBXFileReference; lastKnownFileType = sourcecode.swift; path = SaveManageDocumentVC.swift; sourceTree = "<group>"; };
		7D3031D9286C28B400C7E5D6 /* AccountDetailsVC.swift */ = {isa = PBXFileReference; lastKnownFileType = sourcecode.swift; path = AccountDetailsVC.swift; sourceTree = "<group>"; };
		7D39969F28B3B7E400E25694 /* GoogleService-Info.plist */ = {isa = PBXFileReference; fileEncoding = 4; lastKnownFileType = text.plist.xml; path = "GoogleService-Info.plist"; sourceTree = "<group>"; };
		7D67A6F32862F98500456803 /* AcceptJobVC.swift */ = {isa = PBXFileReference; lastKnownFileType = sourcecode.swift; path = AcceptJobVC.swift; sourceTree = "<group>"; };
		7D67A6F52862F9E700456803 /* TrackingVC.swift */ = {isa = PBXFileReference; lastKnownFileType = sourcecode.swift; path = TrackingVC.swift; sourceTree = "<group>"; };
		7D67A6F72862F9F600456803 /* EarnMoneyVC.swift */ = {isa = PBXFileReference; lastKnownFileType = sourcecode.swift; path = EarnMoneyVC.swift; sourceTree = "<group>"; };
		7D67A6FA28633A9300456803 /* LoginViewController.swift */ = {isa = PBXFileReference; lastKnownFileType = sourcecode.swift; path = LoginViewController.swift; sourceTree = "<group>"; };
		7D77754D28CF4BB1007F416D /* BankDetails.swift */ = {isa = PBXFileReference; lastKnownFileType = sourcecode.swift; path = BankDetails.swift; sourceTree = "<group>"; };
		7D7FC1A728C5E277007E2562 /* Roboto-Medium.ttf */ = {isa = PBXFileReference; lastKnownFileType = file; path = "Roboto-Medium.ttf"; sourceTree = "<group>"; };
		7D7FC1A828C5E277007E2562 /* Roboto-Regular.ttf */ = {isa = PBXFileReference; lastKnownFileType = file; path = "Roboto-Regular.ttf"; sourceTree = "<group>"; };
		7D7FC1A928C5E277007E2562 /* Roboto-Bold.ttf */ = {isa = PBXFileReference; lastKnownFileType = file; path = "Roboto-Bold.ttf"; sourceTree = "<group>"; };
		7D7FC1AD28C5E2D2007E2562 /* DriveRatingModel.swift */ = {isa = PBXFileReference; lastKnownFileType = sourcecode.swift; path = DriveRatingModel.swift; sourceTree = "<group>"; };
		7D8CCCAD2881B40600154DB2 /* VehicleDetailsModel.swift */ = {isa = PBXFileReference; lastKnownFileType = sourcecode.swift; path = VehicleDetailsModel.swift; sourceTree = "<group>"; };
		7D96C1822862E21E001E585C /* Ride-Share FR.app */ = {isa = PBXFileReference; explicitFileType = wrapper.application; includeInIndex = 0; path = "Ride-Share FR.app"; sourceTree = BUILT_PRODUCTS_DIR; };
		7D96C1852862E21E001E585C /* AppDelegate.swift */ = {isa = PBXFileReference; lastKnownFileType = sourcecode.swift; path = AppDelegate.swift; sourceTree = "<group>"; };
		7D96C1872862E21E001E585C /* SceneDelegate.swift */ = {isa = PBXFileReference; lastKnownFileType = sourcecode.swift; path = SceneDelegate.swift; sourceTree = "<group>"; };
		7D96C1892862E21E001E585C /* ViewController.swift */ = {isa = PBXFileReference; lastKnownFileType = sourcecode.swift; path = ViewController.swift; sourceTree = "<group>"; };
		7D96C18C2862E21E001E585C /* Base */ = {isa = PBXFileReference; lastKnownFileType = file.storyboard; name = Base; path = Base.lproj/Main.storyboard; sourceTree = "<group>"; };
		7D96C18E2862E225001E585C /* Assets.xcassets */ = {isa = PBXFileReference; lastKnownFileType = folder.assetcatalog; path = Assets.xcassets; sourceTree = "<group>"; };
		7D96C1912862E225001E585C /* Base */ = {isa = PBXFileReference; lastKnownFileType = file.storyboard; name = Base; path = Base.lproj/LaunchScreen.storyboard; sourceTree = "<group>"; };
		7D96C1932862E225001E585C /* Info.plist */ = {isa = PBXFileReference; lastKnownFileType = text.plist.xml; path = Info.plist; sourceTree = "<group>"; };
		7D96C1982862E225001E585C /* Ride-Share FRTests.xctest */ = {isa = PBXFileReference; explicitFileType = wrapper.cfbundle; includeInIndex = 0; path = "Ride-Share FRTests.xctest"; sourceTree = BUILT_PRODUCTS_DIR; };
		7D96C19C2862E225001E585C /* Ride_Share_FRTests.swift */ = {isa = PBXFileReference; lastKnownFileType = sourcecode.swift; path = Ride_Share_FRTests.swift; sourceTree = "<group>"; };
		7D96C1A22862E225001E585C /* Ride-Share FRUITests.xctest */ = {isa = PBXFileReference; explicitFileType = wrapper.cfbundle; includeInIndex = 0; path = "Ride-Share FRUITests.xctest"; sourceTree = BUILT_PRODUCTS_DIR; };
		7D96C1A62862E225001E585C /* Ride_Share_FRUITests.swift */ = {isa = PBXFileReference; lastKnownFileType = sourcecode.swift; path = Ride_Share_FRUITests.swift; sourceTree = "<group>"; };
		7D96C1A82862E225001E585C /* Ride_Share_FRUITestsLaunchTests.swift */ = {isa = PBXFileReference; lastKnownFileType = sourcecode.swift; path = Ride_Share_FRUITestsLaunchTests.swift; sourceTree = "<group>"; };
		7D9EB34928BE3C020089A8CC /* UserPickUopDropOffDetailsVC.swift */ = {isa = PBXFileReference; lastKnownFileType = sourcecode.swift; path = UserPickUopDropOffDetailsVC.swift; sourceTree = "<group>"; };
		7DA01CA82872EC8F0097A1EC /* SidePanelBaseViewController.swift */ = {isa = PBXFileReference; fileEncoding = 4; lastKnownFileType = sourcecode.swift; path = SidePanelBaseViewController.swift; sourceTree = "<group>"; };
		7DA01CA92872EC8F0097A1EC /* SideMenuCell.swift */ = {isa = PBXFileReference; fileEncoding = 4; lastKnownFileType = sourcecode.swift; path = SideMenuCell.swift; sourceTree = "<group>"; };
		7DA01CAB2872EC8F0097A1EC /* SSAnimationManager.swift */ = {isa = PBXFileReference; fileEncoding = 4; lastKnownFileType = sourcecode.swift; path = SSAnimationManager.swift; sourceTree = "<group>"; };
		7DA01CAC2872EC8F0097A1EC /* SSAnimatorPopup.swift */ = {isa = PBXFileReference; fileEncoding = 4; lastKnownFileType = sourcecode.swift; path = SSAnimatorPopup.swift; sourceTree = "<group>"; };
		7DA01CAD2872EC8F0097A1EC /* SSAnimatorCameFromTop.swift */ = {isa = PBXFileReference; fileEncoding = 4; lastKnownFileType = sourcecode.swift; path = SSAnimatorCameFromTop.swift; sourceTree = "<group>"; };
		7DA01CAE2872EC8F0097A1EC /* BaseNavigationController.swift */ = {isa = PBXFileReference; fileEncoding = 4; lastKnownFileType = sourcecode.swift; path = BaseNavigationController.swift; sourceTree = "<group>"; };
		7DA01CAF2872EC8F0097A1EC /* SideMenuController.swift */ = {isa = PBXFileReference; fileEncoding = 4; lastKnownFileType = sourcecode.swift; path = SideMenuController.swift; sourceTree = "<group>"; };
		7DA01CB72872F1B20097A1EC /* FAIcon.swift */ = {isa = PBXFileReference; fileEncoding = 4; lastKnownFileType = sourcecode.swift; path = FAIcon.swift; sourceTree = "<group>"; };
		7DA01CBC2872FED80097A1EC /* WalletAccountDetailsVC.swift */ = {isa = PBXFileReference; lastKnownFileType = sourcecode.swift; path = WalletAccountDetailsVC.swift; sourceTree = "<group>"; };
		7DA01CC9287329520097A1EC /* RideHistoryVC.swift */ = {isa = PBXFileReference; lastKnownFileType = sourcecode.swift; path = RideHistoryVC.swift; sourceTree = "<group>"; };
		7DA01CCB287329760097A1EC /* RideHistoryViewCell.swift */ = {isa = PBXFileReference; lastKnownFileType = sourcecode.swift; path = RideHistoryViewCell.swift; sourceTree = "<group>"; };
		7DAA5E2B28C72DD90049298C /* DeleteAccountVC.swift */ = {isa = PBXFileReference; lastKnownFileType = sourcecode.swift; path = DeleteAccountVC.swift; sourceTree = "<group>"; };
		7DB0C03E28891D7F008C106A /* Ride-Share FR.entitlements */ = {isa = PBXFileReference; lastKnownFileType = text.plist.entitlements; path = "Ride-Share FR.entitlements"; sourceTree = "<group>"; };
		7DB5CF622864406700E83DE7 /* SignUpViewController.swift */ = {isa = PBXFileReference; lastKnownFileType = sourcecode.swift; path = SignUpViewController.swift; sourceTree = "<group>"; };
		7DB5CF6428644F6200E83DE7 /* ForgetPasswordVC.swift */ = {isa = PBXFileReference; lastKnownFileType = sourcecode.swift; path = ForgetPasswordVC.swift; sourceTree = "<group>"; };
		7DB5CF6628645F7100E83DE7 /* OtpVerificationVC.swift */ = {isa = PBXFileReference; lastKnownFileType = sourcecode.swift; path = OtpVerificationVC.swift; sourceTree = "<group>"; };
		7DB5CF68286487E200E83DE7 /* ResetPasswordVC.swift */ = {isa = PBXFileReference; lastKnownFileType = sourcecode.swift; path = ResetPasswordVC.swift; sourceTree = "<group>"; };
		7DB5CF6A286491B800E83DE7 /* VehicleDetailsVC.swift */ = {isa = PBXFileReference; lastKnownFileType = sourcecode.swift; path = VehicleDetailsVC.swift; sourceTree = "<group>"; };
		7DB625552886FE10006AD196 /* ProfileModel.swift */ = {isa = PBXFileReference; lastKnownFileType = sourcecode.swift; path = ProfileModel.swift; sourceTree = "<group>"; };
		7DB62C7A28B4AEA300B8198F /* HistoryModel.swift */ = {isa = PBXFileReference; fileEncoding = 4; lastKnownFileType = sourcecode.swift; path = HistoryModel.swift; sourceTree = "<group>"; };
		7DB62C7D28B4BC9B00B8198F /* UserOtpVerificationVC.swift */ = {isa = PBXFileReference; fileEncoding = 4; lastKnownFileType = sourcecode.swift; path = UserOtpVerificationVC.swift; sourceTree = "<group>"; };
		7DBC06FA28929E2E00E692F4 /* UserDetailsVC.swift */ = {isa = PBXFileReference; lastKnownFileType = sourcecode.swift; path = UserDetailsVC.swift; sourceTree = "<group>"; };
		7DBC06FC2892A4D500E692F4 /* bingbong.caf */ = {isa = PBXFileReference; lastKnownFileType = file; path = bingbong.caf; sourceTree = "<group>"; };
		7DBC06FD2892A4E800E692F4 /* sound.caf */ = {isa = PBXFileReference; lastKnownFileType = file; path = sound.caf; sourceTree = "<group>"; };
		7DBC07002892B88C00E692F4 /* NotificationModel.swift */ = {isa = PBXFileReference; lastKnownFileType = sourcecode.swift; path = NotificationModel.swift; sourceTree = "<group>"; };
		7DBCC0342878007C0064F9D9 /* String_Extension.swift */ = {isa = PBXFileReference; fileEncoding = 4; lastKnownFileType = sourcecode.swift; path = String_Extension.swift; sourceTree = "<group>"; };
		7DBD9F6B2869962300AE1655 /* MenuView.swift */ = {isa = PBXFileReference; fileEncoding = 4; lastKnownFileType = sourcecode.swift; path = MenuView.swift; sourceTree = "<group>"; };
		7DBD9F6D2869963600AE1655 /* MenuView.xib */ = {isa = PBXFileReference; fileEncoding = 4; lastKnownFileType = file.xib; path = MenuView.xib; sourceTree = "<group>"; };
		7DBD9F6F2869965000AE1655 /* MenuCell.swift */ = {isa = PBXFileReference; fileEncoding = 4; lastKnownFileType = sourcecode.swift; path = MenuCell.swift; sourceTree = "<group>"; };
		7DBD9F712869965700AE1655 /* MenuCell.xib */ = {isa = PBXFileReference; fileEncoding = 4; lastKnownFileType = file.xib; path = MenuCell.xib; sourceTree = "<group>"; };
		7DBD9F73286996D900AE1655 /* ExtensionUtils.swift */ = {isa = PBXFileReference; fileEncoding = 4; lastKnownFileType = sourcecode.swift; path = ExtensionUtils.swift; sourceTree = "<group>"; };
		7DBD9F7628699CC300AE1655 /* DashboardViewController.swift */ = {isa = PBXFileReference; lastKnownFileType = sourcecode.swift; path = DashboardViewController.swift; sourceTree = "<group>"; };
		7DBD9F792869A34A00AE1655 /* Constant.swift */ = {isa = PBXFileReference; fileEncoding = 4; lastKnownFileType = sourcecode.swift; path = Constant.swift; sourceTree = "<group>"; };
		7DBD9F7C2869CE7800AE1655 /* SettingViewController.swift */ = {isa = PBXFileReference; lastKnownFileType = sourcecode.swift; path = SettingViewController.swift; sourceTree = "<group>"; };
		7DBED3152893C4510055F87E /* UserPickUpDropDetailsVC.swift */ = {isa = PBXFileReference; lastKnownFileType = sourcecode.swift; path = UserPickUpDropDetailsVC.swift; sourceTree = "<group>"; };
		7DC11A49286F4EAD004AE1A0 /* WalletViewController.swift */ = {isa = PBXFileReference; lastKnownFileType = sourcecode.swift; path = WalletViewController.swift; sourceTree = "<group>"; };
		7DC3114B2865E2CA00D295E8 /* VehicleDocumentVC.swift */ = {isa = PBXFileReference; lastKnownFileType = sourcecode.swift; path = VehicleDocumentVC.swift; sourceTree = "<group>"; };
		7DC3114D2865E2E800D295E8 /* VehicleDocumentViewCell.swift */ = {isa = PBXFileReference; lastKnownFileType = sourcecode.swift; path = VehicleDocumentViewCell.swift; sourceTree = "<group>"; };
		7DC4AEA4286AC9C600D2C54C /* ProfileViewController.swift */ = {isa = PBXFileReference; lastKnownFileType = sourcecode.swift; path = ProfileViewController.swift; sourceTree = "<group>"; };
		7DC4AEA6286AD04000D2C54C /* UpdateProfileVC.swift */ = {isa = PBXFileReference; lastKnownFileType = sourcecode.swift; path = UpdateProfileVC.swift; sourceTree = "<group>"; };
		7DC8A3C228B8C88000DCBEA3 /* StartRideModel.swift */ = {isa = PBXFileReference; lastKnownFileType = sourcecode.swift; path = StartRideModel.swift; sourceTree = "<group>"; };
		7DD356052875715C00C73E41 /* DismissAlert.swift */ = {isa = PBXFileReference; fileEncoding = 4; lastKnownFileType = sourcecode.swift; path = DismissAlert.swift; sourceTree = "<group>"; };
		7DD356072875716D00C73E41 /* Validation.swift */ = {isa = PBXFileReference; fileEncoding = 4; lastKnownFileType = sourcecode.swift; path = Validation.swift; sourceTree = "<group>"; };
		7DD3560A2875754000C73E41 /* LocationController.swift */ = {isa = PBXFileReference; fileEncoding = 4; lastKnownFileType = sourcecode.swift; path = LocationController.swift; sourceTree = "<group>"; };
		7DD3560C28757B1800C73E41 /* LocationGetViewController.swift */ = {isa = PBXFileReference; fileEncoding = 4; lastKnownFileType = sourcecode.swift; path = LocationGetViewController.swift; sourceTree = "<group>"; };
		7DDC9E7D28BCA5660001A08C /* TotalFareDetailsVC.swift */ = {isa = PBXFileReference; lastKnownFileType = sourcecode.swift; path = TotalFareDetailsVC.swift; sourceTree = "<group>"; };
		7DDC9E7F28BCA8D80001A08C /* EndTripDriverVC.swift */ = {isa = PBXFileReference; lastKnownFileType = sourcecode.swift; path = EndTripDriverVC.swift; sourceTree = "<group>"; };
		7DDC9E8128BCD8330001A08C /* TotalFareDetails.swift */ = {isa = PBXFileReference; lastKnownFileType = sourcecode.swift; path = TotalFareDetails.swift; sourceTree = "<group>"; };
		7DDF276228869B0D0055E29D /* LoginModel.swift */ = {isa = PBXFileReference; lastKnownFileType = sourcecode.swift; path = LoginModel.swift; sourceTree = "<group>"; };
		7DDF27642886AE130055E29D /* VehicleCategoryModel.swift */ = {isa = PBXFileReference; lastKnownFileType = sourcecode.swift; path = VehicleCategoryModel.swift; sourceTree = "<group>"; };
		7DE2830A28BF5E6E00B8B55A /* TotalEarnDriverModel.swift */ = {isa = PBXFileReference; lastKnownFileType = sourcecode.swift; path = TotalEarnDriverModel.swift; sourceTree = "<group>"; };
		7DF55E6F286B2DDD009A45EB /* ManageVehicleVC.swift */ = {isa = PBXFileReference; lastKnownFileType = sourcecode.swift; path = ManageVehicleVC.swift; sourceTree = "<group>"; };
		7DF55E73286B43A7009A45EB /* UpdateVehicleVC.swift */ = {isa = PBXFileReference; lastKnownFileType = sourcecode.swift; path = UpdateVehicleVC.swift; sourceTree = "<group>"; };
		7DFA17BD286C7D5400A86483 /* NotificationVC.swift */ = {isa = PBXFileReference; lastKnownFileType = sourcecode.swift; path = NotificationVC.swift; sourceTree = "<group>"; };
		7DFA17BF286C7D6600A86483 /* NotificationViewCell.swift */ = {isa = PBXFileReference; lastKnownFileType = sourcecode.swift; path = NotificationViewCell.swift; sourceTree = "<group>"; };
		D8AE46DF109822211DFD2EDF /* Pods-Ride-Share FRTests.debug.xcconfig */ = {isa = PBXFileReference; includeInIndex = 1; lastKnownFileType = text.xcconfig; name = "Pods-Ride-Share FRTests.debug.xcconfig"; path = "Target Support Files/Pods-Ride-Share FRTests/Pods-Ride-Share FRTests.debug.xcconfig"; sourceTree = "<group>"; };
		E17F3A95599BE87862A639D8 /* Pods_Ride_Share_FRTests.framework */ = {isa = PBXFileReference; explicitFileType = wrapper.framework; includeInIndex = 0; path = Pods_Ride_Share_FRTests.framework; sourceTree = BUILT_PRODUCTS_DIR; };
		F00B4FE253517D9D44A2C66C /* Pods-Ride-Share FR.release.xcconfig */ = {isa = PBXFileReference; includeInIndex = 1; lastKnownFileType = text.xcconfig; name = "Pods-Ride-Share FR.release.xcconfig"; path = "Target Support Files/Pods-Ride-Share FR/Pods-Ride-Share FR.release.xcconfig"; sourceTree = "<group>"; };
		F79EDB2C7E71DAD5539EFD06 /* Pods-Ride-Share FR-Ride-Share FRUITests.debug.xcconfig */ = {isa = PBXFileReference; includeInIndex = 1; lastKnownFileType = text.xcconfig; name = "Pods-Ride-Share FR-Ride-Share FRUITests.debug.xcconfig"; path = "Target Support Files/Pods-Ride-Share FR-Ride-Share FRUITests/Pods-Ride-Share FR-Ride-Share FRUITests.debug.xcconfig"; sourceTree = "<group>"; };
		FA595D13B0BD5409715B2061 /* Pods-Ride-Share FR-Ride-Share FRUITests.release.xcconfig */ = {isa = PBXFileReference; includeInIndex = 1; lastKnownFileType = text.xcconfig; name = "Pods-Ride-Share FR-Ride-Share FRUITests.release.xcconfig"; path = "Target Support Files/Pods-Ride-Share FR-Ride-Share FRUITests/Pods-Ride-Share FR-Ride-Share FRUITests.release.xcconfig"; sourceTree = "<group>"; };
/* End PBXFileReference section */

/* Begin PBXFrameworksBuildPhase section */
		7D96C17F2862E21E001E585C /* Frameworks */ = {
			isa = PBXFrameworksBuildPhase;
			buildActionMask = 2147483647;
			files = (
				1C4EDDBA5865441A9FAD34BA /* Pods_Ride_Share_FR.framework in Frameworks */,
			);
			runOnlyForDeploymentPostprocessing = 0;
		};
		7D96C1952862E225001E585C /* Frameworks */ = {
			isa = PBXFrameworksBuildPhase;
			buildActionMask = 2147483647;
			files = (
				058B9B457ED6648693DC97A4 /* Pods_Ride_Share_FRTests.framework in Frameworks */,
			);
			runOnlyForDeploymentPostprocessing = 0;
		};
		7D96C19F2862E225001E585C /* Frameworks */ = {
			isa = PBXFrameworksBuildPhase;
			buildActionMask = 2147483647;
			files = (
				387162BF6A24C0A9E716D31C /* Pods_Ride_Share_FR_Ride_Share_FRUITests.framework in Frameworks */,
			);
			runOnlyForDeploymentPostprocessing = 0;
		};
/* End PBXFrameworksBuildPhase section */

/* Begin PBXGroup section */
		48B3EE2DE9118EEF77B56943 /* Frameworks */ = {
			isa = PBXGroup;
			children = (
				4AB08A85FC2C40A0F47CEFE2 /* Pods_Ride_Share_FR.framework */,
				5FCF2F8F147D9A06FFC99FD7 /* Pods_Ride_Share_FR_Ride_Share_FRUITests.framework */,
				E17F3A95599BE87862A639D8 /* Pods_Ride_Share_FRTests.framework */,
			);
			name = Frameworks;
			sourceTree = "<group>";
		};
		48BCFDFF28C20E880055CB93 /* RatingByDriverController */ = {
			isa = PBXGroup;
			children = (
				48BCFE0028C20ED30055CB93 /* RateUserByDriverVC.swift */,
			);
			path = RatingByDriverController;
			sourceTree = "<group>";
		};
		7848FDA12CE3775530EEB6E7 /* Pods */ = {
			isa = PBXGroup;
			children = (
				768B96408A08ED390224FBC3 /* Pods-Ride-Share FR.debug.xcconfig */,
				F00B4FE253517D9D44A2C66C /* Pods-Ride-Share FR.release.xcconfig */,
				F79EDB2C7E71DAD5539EFD06 /* Pods-Ride-Share FR-Ride-Share FRUITests.debug.xcconfig */,
				FA595D13B0BD5409715B2061 /* Pods-Ride-Share FR-Ride-Share FRUITests.release.xcconfig */,
				D8AE46DF109822211DFD2EDF /* Pods-Ride-Share FRTests.debug.xcconfig */,
				728BC1213F1FBF4EB7D14307 /* Pods-Ride-Share FRTests.release.xcconfig */,
			);
			path = Pods;
			sourceTree = "<group>";
		};
		7D11EBD228B6514800AB8B3B /* CarAnimationController */ = {
			isa = PBXGroup;
			children = (
				7D11EBD328B6518B00AB8B3B /* CarAnimator.swift */,
				7D11EBD528B6519200AB8B3B /* Extensions.swift */,
				7D11EBD728B6519900AB8B3B /* LocationTracker.swift */,
				7D11EBD928B6526B00AB8B3B /* mapstogpx20190207_115833.gpx */,
				7D11EBDB28B6527100AB8B3B /* mapStyle2.json */,
			);
			path = CarAnimationController;
			sourceTree = "<group>";
		};
		7D1C77C9286D827900CD2C45 /* NetworkHandlar */ = {
			isa = PBXGroup;
			children = (
				7D1C77CB286D827900CD2C45 /* AppHelper.swift */,
				7D1C77CC286D827900CD2C45 /* DSUserPrefrence.swift */,
				7D1C77CD286D827900CD2C45 /* ServicesClass.swift */,
				7D1C77CE286D827900CD2C45 /* Common.swift */,
				7D1C77CF286D827900CD2C45 /* ActivityIndicator.swift */,
				7D1C77D0286D827900CD2C45 /* AppServices.swift */,
				7DA01CB72872F1B20097A1EC /* FAIcon.swift */,
				7DD356052875715C00C73E41 /* DismissAlert.swift */,
				7DD356072875716D00C73E41 /* Validation.swift */,
				7DBCC0342878007C0064F9D9 /* String_Extension.swift */,
			);
			path = NetworkHandlar;
			sourceTree = "<group>";
		};
		7D1C77D8286D828700CD2C45 /* Slide */ = {
			isa = PBXGroup;
			children = (
				7D1C77D9286D828700CD2C45 /* SlidingContainerSliderView.swift */,
				7D1C77DA286D828700CD2C45 /* SwiftLoader.swift */,
				7D1C77DB286D828700CD2C45 /* SlidingContainerViewController.swift */,
			);
			path = Slide;
			sourceTree = "<group>";
		};
		7D1C77E3286DA56F00CD2C45 /* ChangePassword */ = {
			isa = PBXGroup;
			children = (
				7D1C77E4286DA59A00CD2C45 /* ChangePasswordVC.swift */,
			);
			path = ChangePassword;
			sourceTree = "<group>";
		};
		7D1C77E6286DAA2C00CD2C45 /* RatingController */ = {
			isa = PBXGroup;
			children = (
				7D1C77E7286DAA4A00CD2C45 /* RatingVC.swift */,
				7D1C77E9286DAA5A00CD2C45 /* RatingViewCell.swift */,
			);
			path = RatingController;
			sourceTree = "<group>";
		};
		7D1C77EB286DAE6300CD2C45 /* ContactController */ = {
			isa = PBXGroup;
			children = (
				7D1C77EC286DAE9900CD2C45 /* ContactUsVC.swift */,
			);
			path = ContactController;
			sourceTree = "<group>";
		};
		7D1C77EE286DB51200CD2C45 /* AboutController */ = {
			isa = PBXGroup;
			children = (
				7D1C77EF286DB52C00CD2C45 /* AboutUsVC.swift */,
			);
			path = AboutController;
			sourceTree = "<group>";
		};
		7D67A6F12862E47700456803 /* Contollers */ = {
			isa = PBXGroup;
			children = (
				7DAA5E2A28C72DBA0049298C /* DeleteController */,
				48BCFDFF28C20E880055CB93 /* RatingByDriverController */,
				7DDC9E7C28BCA4FF0001A08C /* TotalFareController */,
				7DB62C7C28B4BC9B00B8198F /* UserOtpController */,
				7DBED3142893C4090055F87E /* UserDetailsController */,
				7DD356092875751700C73E41 /* LocationController */,
				7DA01CC8287329210097A1EC /* HistoryController */,
				7DA01CB92872FE6D0097A1EC /* WalletController */,
				7D1C77EE286DB51200CD2C45 /* AboutController */,
				7D1C77EB286DAE6300CD2C45 /* ContactController */,
				7D1C77E6286DAA2C00CD2C45 /* RatingController */,
				7D1C77E3286DA56F00CD2C45 /* ChangePassword */,
				7DFA17BC286C7D2A00A86483 /* NotificationController */,
				7DF55E6E286B2D32009A45EB /* ManageController */,
				7DC4AEA3286AC97A00D2C54C /* ProfileController */,
				7DBD9F7B2869CE5400AE1655 /* SettingController */,
				7DBD9F7528699CA200AE1655 /* DashboardController */,
				7DC3114A2865E29400D295E8 /* DocumentController */,
				7D67A6F928633A7300456803 /* LoginController */,
				7D67A6F22862F94900456803 /* IntoducationController */,
			);
			path = Contollers;
			sourceTree = "<group>";
		};
		7D67A6F22862F94900456803 /* IntoducationController */ = {
			isa = PBXGroup;
			children = (
				7D67A6F32862F98500456803 /* AcceptJobVC.swift */,
				7D67A6F52862F9E700456803 /* TrackingVC.swift */,
				7D67A6F72862F9F600456803 /* EarnMoneyVC.swift */,
			);
			path = IntoducationController;
			sourceTree = "<group>";
		};
		7D67A6F928633A7300456803 /* LoginController */ = {
			isa = PBXGroup;
			children = (
				7D67A6FA28633A9300456803 /* LoginViewController.swift */,
				7DB5CF622864406700E83DE7 /* SignUpViewController.swift */,
				7DB5CF6428644F6200E83DE7 /* ForgetPasswordVC.swift */,
				7DB5CF6628645F7100E83DE7 /* OtpVerificationVC.swift */,
				7DB5CF68286487E200E83DE7 /* ResetPasswordVC.swift */,
				7DB5CF6A286491B800E83DE7 /* VehicleDetailsVC.swift */,
				7D3031D9286C28B400C7E5D6 /* AccountDetailsVC.swift */,
			);
			path = LoginController;
			sourceTree = "<group>";
		};
		7D7FC1A628C5E277007E2562 /* Font */ = {
			isa = PBXGroup;
			children = (
				7D7FC1A728C5E277007E2562 /* Roboto-Medium.ttf */,
				7D7FC1A828C5E277007E2562 /* Roboto-Regular.ttf */,
				7D7FC1A928C5E277007E2562 /* Roboto-Bold.ttf */,
			);
			path = Font;
			sourceTree = "<group>";
		};
		7D8CCCAC2881B3EE00154DB2 /* Models */ = {
			isa = PBXGroup;
			children = (
				7D8CCCAD2881B40600154DB2 /* VehicleDetailsModel.swift */,
				7DDF276228869B0D0055E29D /* LoginModel.swift */,
				7DDF27642886AE130055E29D /* VehicleCategoryModel.swift */,
				7DB625552886FE10006AD196 /* ProfileModel.swift */,
				7DB62C7A28B4AEA300B8198F /* HistoryModel.swift */,
				7DBC07002892B88C00E692F4 /* NotificationModel.swift */,
				7DC8A3C228B8C88000DCBEA3 /* StartRideModel.swift */,
				7DDC9E8128BCD8330001A08C /* TotalFareDetails.swift */,
				7DE2830A28BF5E6E00B8B55A /* TotalEarnDriverModel.swift */,
				7D7FC1AD28C5E2D2007E2562 /* DriveRatingModel.swift */,
				7D77754D28CF4BB1007F416D /* BankDetails.swift */,
			);
			path = Models;
			sourceTree = "<group>";
		};
		7D96C1792862E21E001E585C = {
			isa = PBXGroup;
			children = (
				7D96C1842862E21E001E585C /* Ride-Share FR */,
				7D96C19B2862E225001E585C /* Ride-Share FRTests */,
				7D96C1A52862E225001E585C /* Ride-Share FRUITests */,
				7D96C1832862E21E001E585C /* Products */,
				7848FDA12CE3775530EEB6E7 /* Pods */,
				48B3EE2DE9118EEF77B56943 /* Frameworks */,
			);
			sourceTree = "<group>";
		};
		7D96C1832862E21E001E585C /* Products */ = {
			isa = PBXGroup;
			children = (
				7D96C1822862E21E001E585C /* Ride-Share FR.app */,
				7D96C1982862E225001E585C /* Ride-Share FRTests.xctest */,
				7D96C1A22862E225001E585C /* Ride-Share FRUITests.xctest */,
			);
			name = Products;
			sourceTree = "<group>";
		};
		7D96C1842862E21E001E585C /* Ride-Share FR */ = {
			isa = PBXGroup;
			children = (
				7D7FC1A628C5E277007E2562 /* Font */,
				7D11EBD228B6514800AB8B3B /* CarAnimationController */,
				7DB0C03E28891D7F008C106A /* Ride-Share FR.entitlements */,
				7DBC06FC2892A4D500E692F4 /* bingbong.caf */,
				7DBC06FD2892A4E800E692F4 /* sound.caf */,
				7D8CCCAC2881B3EE00154DB2 /* Models */,
				7D1C77C9286D827900CD2C45 /* NetworkHandlar */,
				7D1C77D8286D828700CD2C45 /* Slide */,
				7D96C1852862E21E001E585C /* AppDelegate.swift */,
				7D96C1872862E21E001E585C /* SceneDelegate.swift */,
				7D67A6F12862E47700456803 /* Contollers */,
				7DBD9F6A286995FF00AE1655 /* SideMenu */,
				7DBD9F782869A33700AE1655 /* Constant */,
				7D96C1892862E21E001E585C /* ViewController.swift */,
				7DBD9F73286996D900AE1655 /* ExtensionUtils.swift */,
				7D96C18B2862E21E001E585C /* Main.storyboard */,
				7D96C18E2862E225001E585C /* Assets.xcassets */,
				7D96C1902862E225001E585C /* LaunchScreen.storyboard */,
				7D96C1932862E225001E585C /* Info.plist */,
				7D39969F28B3B7E400E25694 /* GoogleService-Info.plist */,
			);
			path = "Ride-Share FR";
			sourceTree = "<group>";
		};
		7D96C19B2862E225001E585C /* Ride-Share FRTests */ = {
			isa = PBXGroup;
			children = (
				7D96C19C2862E225001E585C /* Ride_Share_FRTests.swift */,
			);
			path = "Ride-Share FRTests";
			sourceTree = "<group>";
		};
		7D96C1A52862E225001E585C /* Ride-Share FRUITests */ = {
			isa = PBXGroup;
			children = (
				7D96C1A62862E225001E585C /* Ride_Share_FRUITests.swift */,
				7D96C1A82862E225001E585C /* Ride_Share_FRUITestsLaunchTests.swift */,
			);
			path = "Ride-Share FRUITests";
			sourceTree = "<group>";
		};
		7DA01CA72872EC8F0097A1EC /* SidePanelControllers */ = {
			isa = PBXGroup;
			children = (
				7DA01CA82872EC8F0097A1EC /* SidePanelBaseViewController.swift */,
				7DA01CA92872EC8F0097A1EC /* SideMenuCell.swift */,
				7DA01CAA2872EC8F0097A1EC /* SSAnimationClass */,
				7DA01CAE2872EC8F0097A1EC /* BaseNavigationController.swift */,
				7DA01CAF2872EC8F0097A1EC /* SideMenuController.swift */,
			);
			path = SidePanelControllers;
			sourceTree = "<group>";
		};
		7DA01CAA2872EC8F0097A1EC /* SSAnimationClass */ = {
			isa = PBXGroup;
			children = (
				7DA01CAB2872EC8F0097A1EC /* SSAnimationManager.swift */,
				7DA01CAC2872EC8F0097A1EC /* SSAnimatorPopup.swift */,
				7DA01CAD2872EC8F0097A1EC /* SSAnimatorCameFromTop.swift */,
			);
			path = SSAnimationClass;
			sourceTree = "<group>";
		};
		7DA01CB92872FE6D0097A1EC /* WalletController */ = {
			isa = PBXGroup;
			children = (
				7DC11A49286F4EAD004AE1A0 /* WalletViewController.swift */,
				7DA01CBC2872FED80097A1EC /* WalletAccountDetailsVC.swift */,
			);
			path = WalletController;
			sourceTree = "<group>";
		};
		7DA01CC8287329210097A1EC /* HistoryController */ = {
			isa = PBXGroup;
			children = (
				7DA01CC9287329520097A1EC /* RideHistoryVC.swift */,
				7DA01CCB287329760097A1EC /* RideHistoryViewCell.swift */,
			);
			path = HistoryController;
			sourceTree = "<group>";
		};
		7DAA5E2A28C72DBA0049298C /* DeleteController */ = {
			isa = PBXGroup;
			children = (
				7DAA5E2B28C72DD90049298C /* DeleteAccountVC.swift */,
			);
			path = DeleteController;
			sourceTree = "<group>";
		};
		7DB62C7C28B4BC9B00B8198F /* UserOtpController */ = {
			isa = PBXGroup;
			children = (
				7DB62C7D28B4BC9B00B8198F /* UserOtpVerificationVC.swift */,
			);
			path = UserOtpController;
			sourceTree = "<group>";
		};
		7DBD9F6A286995FF00AE1655 /* SideMenu */ = {
			isa = PBXGroup;
			children = (
				7DA01CA72872EC8F0097A1EC /* SidePanelControllers */,
				7DBD9F6B2869962300AE1655 /* MenuView.swift */,
				7DBD9F6D2869963600AE1655 /* MenuView.xib */,
				7DBD9F6F2869965000AE1655 /* MenuCell.swift */,
				7DBD9F712869965700AE1655 /* MenuCell.xib */,
			);
			path = SideMenu;
			sourceTree = "<group>";
		};
		7DBD9F7528699CA200AE1655 /* DashboardController */ = {
			isa = PBXGroup;
			children = (
				7DBD9F7628699CC300AE1655 /* DashboardViewController.swift */,
				7DBC06FA28929E2E00E692F4 /* UserDetailsVC.swift */,
			);
			path = DashboardController;
			sourceTree = "<group>";
		};
		7DBD9F782869A33700AE1655 /* Constant */ = {
			isa = PBXGroup;
			children = (
				7DBD9F792869A34A00AE1655 /* Constant.swift */,
				7D1C77E1286D84A700CD2C45 /* Facade.swift */,
				7D1C77DF286D845900CD2C45 /* ViewUtils.swift */,
			);
			path = Constant;
			sourceTree = "<group>";
		};
		7DBD9F7B2869CE5400AE1655 /* SettingController */ = {
			isa = PBXGroup;
			children = (
				7DBD9F7C2869CE7800AE1655 /* SettingViewController.swift */,
			);
			path = SettingController;
			sourceTree = "<group>";
		};
		7DBED3142893C4090055F87E /* UserDetailsController */ = {
			isa = PBXGroup;
			children = (
				7DBED3152893C4510055F87E /* UserPickUpDropDetailsVC.swift */,
				7D9EB34928BE3C020089A8CC /* UserPickUopDropOffDetailsVC.swift */,
			);
			path = UserDetailsController;
			sourceTree = "<group>";
		};
		7DC3114A2865E29400D295E8 /* DocumentController */ = {
			isa = PBXGroup;
			children = (
				7DC3114B2865E2CA00D295E8 /* VehicleDocumentVC.swift */,
				7DC3114D2865E2E800D295E8 /* VehicleDocumentViewCell.swift */,
			);
			path = DocumentController;
			sourceTree = "<group>";
		};
		7DC4AEA3286AC97A00D2C54C /* ProfileController */ = {
			isa = PBXGroup;
			children = (
				7DC4AEA4286AC9C600D2C54C /* ProfileViewController.swift */,
				7DC4AEA6286AD04000D2C54C /* UpdateProfileVC.swift */,
			);
			path = ProfileController;
			sourceTree = "<group>";
		};
		7DD356092875751700C73E41 /* LocationController */ = {
			isa = PBXGroup;
			children = (
				7DD3560A2875754000C73E41 /* LocationController.swift */,
				7DD3560C28757B1800C73E41 /* LocationGetViewController.swift */,
			);
			path = LocationController;
			sourceTree = "<group>";
		};
		7DDC9E7C28BCA4FF0001A08C /* TotalFareController */ = {
			isa = PBXGroup;
			children = (
				7DDC9E7D28BCA5660001A08C /* TotalFareDetailsVC.swift */,
				7DDC9E7F28BCA8D80001A08C /* EndTripDriverVC.swift */,
			);
			path = TotalFareController;
			sourceTree = "<group>";
		};
		7DF55E6E286B2D32009A45EB /* ManageController */ = {
			isa = PBXGroup;
			children = (
				7DF55E6F286B2DDD009A45EB /* ManageVehicleVC.swift */,
				7DF55E73286B43A7009A45EB /* UpdateVehicleVC.swift */,
				7D3031D1286C1EA700C7E5D6 /* UpdateDocumentVC.swift */,
				7D3031D3286C1EE500C7E5D6 /* UpadateDocumentCell.swift */,
				7D3031D7286C1F2C00C7E5D6 /* SaveManageDocumentVC.swift */,
				7D3031D5286C1F0F00C7E5D6 /* SaveMangeDocumentCell.swift */,
			);
			path = ManageController;
			sourceTree = "<group>";
		};
		7DFA17BC286C7D2A00A86483 /* NotificationController */ = {
			isa = PBXGroup;
			children = (
				7DFA17BD286C7D5400A86483 /* NotificationVC.swift */,
				7DFA17BF286C7D6600A86483 /* NotificationViewCell.swift */,
			);
			path = NotificationController;
			sourceTree = "<group>";
		};
/* End PBXGroup section */

/* Begin PBXNativeTarget section */
		7D96C1812862E21E001E585C /* Ride-Share FR */ = {
			isa = PBXNativeTarget;
			buildConfigurationList = 7D96C1AC2862E225001E585C /* Build configuration list for PBXNativeTarget "Ride-Share FR" */;
			buildPhases = (
				B893E06385DA67491547F8B9 /* [CP] Check Pods Manifest.lock */,
				7D96C17E2862E21E001E585C /* Sources */,
				7D96C17F2862E21E001E585C /* Frameworks */,
				7D96C1802862E21E001E585C /* Resources */,
				671D4018AB2110BBFB149CF3 /* [CP] Embed Pods Frameworks */,
				50C4D16B6C2AEBA0A3C39C14 /* [CP] Copy Pods Resources */,
			);
			buildRules = (
			);
			dependencies = (
			);
			name = "Ride-Share FR";
			productName = "Ride-Share FR";
			productReference = 7D96C1822862E21E001E585C /* Ride-Share FR.app */;
			productType = "com.apple.product-type.application";
		};
		7D96C1972862E225001E585C /* Ride-Share FRTests */ = {
			isa = PBXNativeTarget;
			buildConfigurationList = 7D96C1AF2862E225001E585C /* Build configuration list for PBXNativeTarget "Ride-Share FRTests" */;
			buildPhases = (
				55EEE21D94F79461815ED2F5 /* [CP] Check Pods Manifest.lock */,
				7D96C1942862E225001E585C /* Sources */,
				7D96C1952862E225001E585C /* Frameworks */,
				7D96C1962862E225001E585C /* Resources */,
			);
			buildRules = (
			);
			dependencies = (
				7D96C19A2862E225001E585C /* PBXTargetDependency */,
			);
			name = "Ride-Share FRTests";
			productName = "Ride-Share FRTests";
			productReference = 7D96C1982862E225001E585C /* Ride-Share FRTests.xctest */;
			productType = "com.apple.product-type.bundle.unit-test";
		};
		7D96C1A12862E225001E585C /* Ride-Share FRUITests */ = {
			isa = PBXNativeTarget;
			buildConfigurationList = 7D96C1B22862E225001E585C /* Build configuration list for PBXNativeTarget "Ride-Share FRUITests" */;
			buildPhases = (
				0BA66C4A6E2D87D6EAF1FEC2 /* [CP] Check Pods Manifest.lock */,
				7D96C19E2862E225001E585C /* Sources */,
				7D96C19F2862E225001E585C /* Frameworks */,
				7D96C1A02862E225001E585C /* Resources */,
				B966CFC0FD7FD658600DBD6E /* [CP] Embed Pods Frameworks */,
				2A86D6DF813B1529A4608F6F /* [CP] Copy Pods Resources */,
			);
			buildRules = (
			);
			dependencies = (
				7D96C1A42862E225001E585C /* PBXTargetDependency */,
			);
			name = "Ride-Share FRUITests";
			productName = "Ride-Share FRUITests";
			productReference = 7D96C1A22862E225001E585C /* Ride-Share FRUITests.xctest */;
			productType = "com.apple.product-type.bundle.ui-testing";
		};
/* End PBXNativeTarget section */

/* Begin PBXProject section */
		7D96C17A2862E21E001E585C /* Project object */ = {
			isa = PBXProject;
			attributes = {
				BuildIndependentTargetsInParallel = 1;
				LastSwiftUpdateCheck = 1300;
				LastUpgradeCheck = 1300;
				TargetAttributes = {
					7D96C1812862E21E001E585C = {
						CreatedOnToolsVersion = 13.0;
					};
					7D96C1972862E225001E585C = {
						CreatedOnToolsVersion = 13.0;
						TestTargetID = 7D96C1812862E21E001E585C;
					};
					7D96C1A12862E225001E585C = {
						CreatedOnToolsVersion = 13.0;
						TestTargetID = 7D96C1812862E21E001E585C;
					};
				};
			};
			buildConfigurationList = 7D96C17D2862E21E001E585C /* Build configuration list for PBXProject "Ride-Share FR" */;
			compatibilityVersion = "Xcode 12.0";
			developmentRegion = en;
			hasScannedForEncodings = 0;
			knownRegions = (
				en,
				Base,
			);
			mainGroup = 7D96C1792862E21E001E585C;
			productRefGroup = 7D96C1832862E21E001E585C /* Products */;
			projectDirPath = "";
			projectRoot = "";
			targets = (
				7D96C1812862E21E001E585C /* Ride-Share FR */,
				7D96C1972862E225001E585C /* Ride-Share FRTests */,
				7D96C1A12862E225001E585C /* Ride-Share FRUITests */,
			);
		};
/* End PBXProject section */

/* Begin PBXResourcesBuildPhase section */
		7D96C1802862E21E001E585C /* Resources */ = {
			isa = PBXResourcesBuildPhase;
			buildActionMask = 2147483647;
			files = (
				7D96C1922862E225001E585C /* LaunchScreen.storyboard in Resources */,
				7D11EBDA28B6526B00AB8B3B /* mapstogpx20190207_115833.gpx in Resources */,
				7D7FC1AB28C5E277007E2562 /* Roboto-Regular.ttf in Resources */,
				7DBD9F6E2869963600AE1655 /* MenuView.xib in Resources */,
				7D7FC1AC28C5E277007E2562 /* Roboto-Bold.ttf in Resources */,
				7DBD9F722869965700AE1655 /* MenuCell.xib in Resources */,
				7D96C18F2862E225001E585C /* Assets.xcassets in Resources */,
				7D96C18D2862E21E001E585C /* Main.storyboard in Resources */,
				7D3996A028B3B7E400E25694 /* GoogleService-Info.plist in Resources */,
				7D11EBDC28B6527200AB8B3B /* mapStyle2.json in Resources */,
				7D7FC1AA28C5E277007E2562 /* Roboto-Medium.ttf in Resources */,
			);
			runOnlyForDeploymentPostprocessing = 0;
		};
		7D96C1962862E225001E585C /* Resources */ = {
			isa = PBXResourcesBuildPhase;
			buildActionMask = 2147483647;
			files = (
			);
			runOnlyForDeploymentPostprocessing = 0;
		};
		7D96C1A02862E225001E585C /* Resources */ = {
			isa = PBXResourcesBuildPhase;
			buildActionMask = 2147483647;
			files = (
			);
			runOnlyForDeploymentPostprocessing = 0;
		};
/* End PBXResourcesBuildPhase section */

/* Begin PBXShellScriptBuildPhase section */
		0BA66C4A6E2D87D6EAF1FEC2 /* [CP] Check Pods Manifest.lock */ = {
			isa = PBXShellScriptBuildPhase;
			buildActionMask = 2147483647;
			files = (
			);
			inputFileListPaths = (
			);
			inputPaths = (
				"${PODS_PODFILE_DIR_PATH}/Podfile.lock",
				"${PODS_ROOT}/Manifest.lock",
			);
			name = "[CP] Check Pods Manifest.lock";
			outputFileListPaths = (
			);
			outputPaths = (
				"$(DERIVED_FILE_DIR)/Pods-Ride-Share FR-Ride-Share FRUITests-checkManifestLockResult.txt",
			);
			runOnlyForDeploymentPostprocessing = 0;
			shellPath = /bin/sh;
			shellScript = "diff \"${PODS_PODFILE_DIR_PATH}/Podfile.lock\" \"${PODS_ROOT}/Manifest.lock\" > /dev/null\nif [ $? != 0 ] ; then\n    # print error to STDERR\n    echo \"error: The sandbox is not in sync with the Podfile.lock. Run 'pod install' or update your CocoaPods installation.\" >&2\n    exit 1\nfi\n# This output is used by Xcode 'outputs' to avoid re-running this script phase.\necho \"SUCCESS\" > \"${SCRIPT_OUTPUT_FILE_0}\"\n";
			showEnvVarsInLog = 0;
		};
		2A86D6DF813B1529A4608F6F /* [CP] Copy Pods Resources */ = {
			isa = PBXShellScriptBuildPhase;
			buildActionMask = 2147483647;
			files = (
			);
			inputFileListPaths = (
				"${PODS_ROOT}/Target Support Files/Pods-Ride-Share FR-Ride-Share FRUITests/Pods-Ride-Share FR-Ride-Share FRUITests-resources-${CONFIGURATION}-input-files.xcfilelist",
			);
			name = "[CP] Copy Pods Resources";
			outputFileListPaths = (
				"${PODS_ROOT}/Target Support Files/Pods-Ride-Share FR-Ride-Share FRUITests/Pods-Ride-Share FR-Ride-Share FRUITests-resources-${CONFIGURATION}-output-files.xcfilelist",
			);
			runOnlyForDeploymentPostprocessing = 0;
			shellPath = /bin/sh;
			shellScript = "\"${PODS_ROOT}/Target Support Files/Pods-Ride-Share FR-Ride-Share FRUITests/Pods-Ride-Share FR-Ride-Share FRUITests-resources.sh\"\n";
			showEnvVarsInLog = 0;
		};
		50C4D16B6C2AEBA0A3C39C14 /* [CP] Copy Pods Resources */ = {
			isa = PBXShellScriptBuildPhase;
			buildActionMask = 2147483647;
			files = (
			);
			inputFileListPaths = (
				"${PODS_ROOT}/Target Support Files/Pods-Ride-Share FR/Pods-Ride-Share FR-resources-${CONFIGURATION}-input-files.xcfilelist",
			);
			name = "[CP] Copy Pods Resources";
			outputFileListPaths = (
				"${PODS_ROOT}/Target Support Files/Pods-Ride-Share FR/Pods-Ride-Share FR-resources-${CONFIGURATION}-output-files.xcfilelist",
			);
			runOnlyForDeploymentPostprocessing = 0;
			shellPath = /bin/sh;
			shellScript = "\"${PODS_ROOT}/Target Support Files/Pods-Ride-Share FR/Pods-Ride-Share FR-resources.sh\"\n";
			showEnvVarsInLog = 0;
		};
		55EEE21D94F79461815ED2F5 /* [CP] Check Pods Manifest.lock */ = {
			isa = PBXShellScriptBuildPhase;
			buildActionMask = 2147483647;
			files = (
			);
			inputFileListPaths = (
			);
			inputPaths = (
				"${PODS_PODFILE_DIR_PATH}/Podfile.lock",
				"${PODS_ROOT}/Manifest.lock",
			);
			name = "[CP] Check Pods Manifest.lock";
			outputFileListPaths = (
			);
			outputPaths = (
				"$(DERIVED_FILE_DIR)/Pods-Ride-Share FRTests-checkManifestLockResult.txt",
			);
			runOnlyForDeploymentPostprocessing = 0;
			shellPath = /bin/sh;
			shellScript = "diff \"${PODS_PODFILE_DIR_PATH}/Podfile.lock\" \"${PODS_ROOT}/Manifest.lock\" > /dev/null\nif [ $? != 0 ] ; then\n    # print error to STDERR\n    echo \"error: The sandbox is not in sync with the Podfile.lock. Run 'pod install' or update your CocoaPods installation.\" >&2\n    exit 1\nfi\n# This output is used by Xcode 'outputs' to avoid re-running this script phase.\necho \"SUCCESS\" > \"${SCRIPT_OUTPUT_FILE_0}\"\n";
			showEnvVarsInLog = 0;
		};
		671D4018AB2110BBFB149CF3 /* [CP] Embed Pods Frameworks */ = {
			isa = PBXShellScriptBuildPhase;
			buildActionMask = 2147483647;
			files = (
			);
			inputFileListPaths = (
				"${PODS_ROOT}/Target Support Files/Pods-Ride-Share FR/Pods-Ride-Share FR-frameworks-${CONFIGURATION}-input-files.xcfilelist",
			);
			name = "[CP] Embed Pods Frameworks";
			outputFileListPaths = (
				"${PODS_ROOT}/Target Support Files/Pods-Ride-Share FR/Pods-Ride-Share FR-frameworks-${CONFIGURATION}-output-files.xcfilelist",
			);
			runOnlyForDeploymentPostprocessing = 0;
			shellPath = /bin/sh;
			shellScript = "\"${PODS_ROOT}/Target Support Files/Pods-Ride-Share FR/Pods-Ride-Share FR-frameworks.sh\"\n";
			showEnvVarsInLog = 0;
		};
		B893E06385DA67491547F8B9 /* [CP] Check Pods Manifest.lock */ = {
			isa = PBXShellScriptBuildPhase;
			buildActionMask = 2147483647;
			files = (
			);
			inputFileListPaths = (
			);
			inputPaths = (
				"${PODS_PODFILE_DIR_PATH}/Podfile.lock",
				"${PODS_ROOT}/Manifest.lock",
			);
			name = "[CP] Check Pods Manifest.lock";
			outputFileListPaths = (
			);
			outputPaths = (
				"$(DERIVED_FILE_DIR)/Pods-Ride-Share FR-checkManifestLockResult.txt",
			);
			runOnlyForDeploymentPostprocessing = 0;
			shellPath = /bin/sh;
			shellScript = "diff \"${PODS_PODFILE_DIR_PATH}/Podfile.lock\" \"${PODS_ROOT}/Manifest.lock\" > /dev/null\nif [ $? != 0 ] ; then\n    # print error to STDERR\n    echo \"error: The sandbox is not in sync with the Podfile.lock. Run 'pod install' or update your CocoaPods installation.\" >&2\n    exit 1\nfi\n# This output is used by Xcode 'outputs' to avoid re-running this script phase.\necho \"SUCCESS\" > \"${SCRIPT_OUTPUT_FILE_0}\"\n";
			showEnvVarsInLog = 0;
		};
		B966CFC0FD7FD658600DBD6E /* [CP] Embed Pods Frameworks */ = {
			isa = PBXShellScriptBuildPhase;
			buildActionMask = 2147483647;
			files = (
			);
			inputFileListPaths = (
				"${PODS_ROOT}/Target Support Files/Pods-Ride-Share FR-Ride-Share FRUITests/Pods-Ride-Share FR-Ride-Share FRUITests-frameworks-${CONFIGURATION}-input-files.xcfilelist",
			);
			name = "[CP] Embed Pods Frameworks";
			outputFileListPaths = (
				"${PODS_ROOT}/Target Support Files/Pods-Ride-Share FR-Ride-Share FRUITests/Pods-Ride-Share FR-Ride-Share FRUITests-frameworks-${CONFIGURATION}-output-files.xcfilelist",
			);
			runOnlyForDeploymentPostprocessing = 0;
			shellPath = /bin/sh;
			shellScript = "\"${PODS_ROOT}/Target Support Files/Pods-Ride-Share FR-Ride-Share FRUITests/Pods-Ride-Share FR-Ride-Share FRUITests-frameworks.sh\"\n";
			showEnvVarsInLog = 0;
		};
/* End PBXShellScriptBuildPhase section */

/* Begin PBXSourcesBuildPhase section */
		7D96C17E2862E21E001E585C /* Sources */ = {
			isa = PBXSourcesBuildPhase;
			buildActionMask = 2147483647;
			files = (
				7DBED3162893C4510055F87E /* UserPickUpDropDetailsVC.swift in Sources */,
				7D1C77E2286D84A700CD2C45 /* Facade.swift in Sources */,
				7D1C77D6286D827A00CD2C45 /* ActivityIndicator.swift in Sources */,
				7D67A6FB28633A9400456803 /* LoginViewController.swift in Sources */,
				7DFA17BE286C7D5400A86483 /* NotificationVC.swift in Sources */,
				7DBCC0352878007D0064F9D9 /* String_Extension.swift in Sources */,
				7DBD9F7728699CC300AE1655 /* DashboardViewController.swift in Sources */,
				7D1C77D5286D827A00CD2C45 /* Common.swift in Sources */,
				7D3031DA286C28B400C7E5D6 /* AccountDetailsVC.swift in Sources */,
				7DB5CF6728645F7200E83DE7 /* OtpVerificationVC.swift in Sources */,
				7DD356082875716D00C73E41 /* Validation.swift in Sources */,
				7D1C77DD286D828700CD2C45 /* SwiftLoader.swift in Sources */,
				7DA01CBD2872FED80097A1EC /* WalletAccountDetailsVC.swift in Sources */,
				7DBC06FB28929E2E00E692F4 /* UserDetailsVC.swift in Sources */,
				7DE2830B28BF5E6E00B8B55A /* TotalEarnDriverModel.swift in Sources */,
				7DB5CF6528644F6200E83DE7 /* ForgetPasswordVC.swift in Sources */,
				7DF55E74286B43A7009A45EB /* UpdateVehicleVC.swift in Sources */,
				7D1C77F0286DB52C00CD2C45 /* AboutUsVC.swift in Sources */,
				7D1C77DC286D828700CD2C45 /* SlidingContainerSliderView.swift in Sources */,
				7DF55E70286B2DDD009A45EB /* ManageVehicleVC.swift in Sources */,
				7D1C77E5286DA59A00CD2C45 /* ChangePasswordVC.swift in Sources */,
				7D67A6F62862F9E700456803 /* TrackingVC.swift in Sources */,
				7D9EB34A28BE3C020089A8CC /* UserPickUopDropOffDetailsVC.swift in Sources */,
				7D1C77E8286DAA4A00CD2C45 /* RatingVC.swift in Sources */,
				7D1C77E0286D845900CD2C45 /* ViewUtils.swift in Sources */,
				7DA01CB02872EC8F0097A1EC /* SidePanelBaseViewController.swift in Sources */,
				7D1C77D3286D827A00CD2C45 /* DSUserPrefrence.swift in Sources */,
				7DDC9E8228BCD8330001A08C /* TotalFareDetails.swift in Sources */,
				7DC3114E2865E2E800D295E8 /* VehicleDocumentViewCell.swift in Sources */,
				7D1C77DE286D828700CD2C45 /* SlidingContainerViewController.swift in Sources */,
				7DDF276328869B0E0055E29D /* LoginModel.swift in Sources */,
				7DB5CF6B286491B800E83DE7 /* VehicleDetailsVC.swift in Sources */,
				7DBC07012892B88C00E692F4 /* NotificationModel.swift in Sources */,
				7DBD9F74286996D900AE1655 /* ExtensionUtils.swift in Sources */,
				7DBD9F7A2869A34A00AE1655 /* Constant.swift in Sources */,
				7D1C77D4286D827A00CD2C45 /* ServicesClass.swift in Sources */,
				7DB5CF69286487E200E83DE7 /* ResetPasswordVC.swift in Sources */,
				7D8CCCAE2881B40600154DB2 /* VehicleDetailsModel.swift in Sources */,
				7DD3560D28757B1900C73E41 /* LocationGetViewController.swift in Sources */,
				7DDC9E8028BCA8D80001A08C /* EndTripDriverVC.swift in Sources */,
				7DB5CF632864406700E83DE7 /* SignUpViewController.swift in Sources */,
				7D3031D8286C1F2C00C7E5D6 /* SaveManageDocumentVC.swift in Sources */,
				7DAA5E2C28C72DDA0049298C /* DeleteAccountVC.swift in Sources */,
				7D1C77D7286D827A00CD2C45 /* AppServices.swift in Sources */,
				7DC11A4A286F4EAE004AE1A0 /* WalletViewController.swift in Sources */,
				7DDC9E7E28BCA5660001A08C /* TotalFareDetailsVC.swift in Sources */,
				7DA01CB12872EC8F0097A1EC /* SideMenuCell.swift in Sources */,
				7DD356062875715C00C73E41 /* DismissAlert.swift in Sources */,
				7DC4AEA7286AD04000D2C54C /* UpdateProfileVC.swift in Sources */,
				7D67A6F82862F9F600456803 /* EarnMoneyVC.swift in Sources */,
				7D67A6F42862F98500456803 /* AcceptJobVC.swift in Sources */,
				7DC8A3C328B8C88100DCBEA3 /* StartRideModel.swift in Sources */,
				7D11EBD428B6518B00AB8B3B /* CarAnimator.swift in Sources */,
				7DBD9F6C2869962300AE1655 /* MenuView.swift in Sources */,
				7D77754E28CF4BB1007F416D /* BankDetails.swift in Sources */,
				7DB625562886FE10006AD196 /* ProfileModel.swift in Sources */,
				48BCFE0128C20ED30055CB93 /* RateUserByDriverVC.swift in Sources */,
				7DDF27652886AE130055E29D /* VehicleCategoryModel.swift in Sources */,
				7DB62C7E28B4BC9B00B8198F /* UserOtpVerificationVC.swift in Sources */,
				7D96C18A2862E21E001E585C /* ViewController.swift in Sources */,
				7DD3560B2875754000C73E41 /* LocationController.swift in Sources */,
				7DA01CB32872EC8F0097A1EC /* SSAnimatorPopup.swift in Sources */,
				7DBD9F7D2869CE7800AE1655 /* SettingViewController.swift in Sources */,
				7D1C77EA286DAA5A00CD2C45 /* RatingViewCell.swift in Sources */,
				7D1C77ED286DAE9900CD2C45 /* ContactUsVC.swift in Sources */,
				7D3031D6286C1F0F00C7E5D6 /* SaveMangeDocumentCell.swift in Sources */,
				7DA01CB22872EC8F0097A1EC /* SSAnimationManager.swift in Sources */,
				7DB62C7B28B4AEA300B8198F /* HistoryModel.swift in Sources */,
				7D96C1862862E21E001E585C /* AppDelegate.swift in Sources */,
				7D96C1882862E21E001E585C /* SceneDelegate.swift in Sources */,
				7DA01CB62872EC8F0097A1EC /* SideMenuController.swift in Sources */,
				7DFA17C0286C7D6600A86483 /* NotificationViewCell.swift in Sources */,
				7DC4AEA5286AC9C600D2C54C /* ProfileViewController.swift in Sources */,
				7DA01CCA287329520097A1EC /* RideHistoryVC.swift in Sources */,
				7D11EBD828B6519900AB8B3B /* LocationTracker.swift in Sources */,
				7DA01CB42872EC8F0097A1EC /* SSAnimatorCameFromTop.swift in Sources */,
				7D3031D2286C1EA700C7E5D6 /* UpdateDocumentVC.swift in Sources */,
				7D3031D4286C1EE500C7E5D6 /* UpadateDocumentCell.swift in Sources */,
				7DA01CB52872EC8F0097A1EC /* BaseNavigationController.swift in Sources */,
				7D7FC1AE28C5E2D2007E2562 /* DriveRatingModel.swift in Sources */,
				7DBD9F702869965100AE1655 /* MenuCell.swift in Sources */,
				7D11EBD628B6519200AB8B3B /* Extensions.swift in Sources */,
				7D1C77D2286D827A00CD2C45 /* AppHelper.swift in Sources */,
				7DC3114C2865E2CA00D295E8 /* VehicleDocumentVC.swift in Sources */,
				7DA01CB82872F1B20097A1EC /* FAIcon.swift in Sources */,
				7DA01CCC287329760097A1EC /* RideHistoryViewCell.swift in Sources */,
			);
			runOnlyForDeploymentPostprocessing = 0;
		};
		7D96C1942862E225001E585C /* Sources */ = {
			isa = PBXSourcesBuildPhase;
			buildActionMask = 2147483647;
			files = (
				7D96C19D2862E225001E585C /* Ride_Share_FRTests.swift in Sources */,
			);
			runOnlyForDeploymentPostprocessing = 0;
		};
		7D96C19E2862E225001E585C /* Sources */ = {
			isa = PBXSourcesBuildPhase;
			buildActionMask = 2147483647;
			files = (
				7D96C1A92862E225001E585C /* Ride_Share_FRUITestsLaunchTests.swift in Sources */,
				7D96C1A72862E225001E585C /* Ride_Share_FRUITests.swift in Sources */,
			);
			runOnlyForDeploymentPostprocessing = 0;
		};
/* End PBXSourcesBuildPhase section */

/* Begin PBXTargetDependency section */
		7D96C19A2862E225001E585C /* PBXTargetDependency */ = {
			isa = PBXTargetDependency;
			target = 7D96C1812862E21E001E585C /* Ride-Share FR */;
			targetProxy = 7D96C1992862E225001E585C /* PBXContainerItemProxy */;
		};
		7D96C1A42862E225001E585C /* PBXTargetDependency */ = {
			isa = PBXTargetDependency;
			target = 7D96C1812862E21E001E585C /* Ride-Share FR */;
			targetProxy = 7D96C1A32862E225001E585C /* PBXContainerItemProxy */;
		};
/* End PBXTargetDependency section */

/* Begin PBXVariantGroup section */
		7D96C18B2862E21E001E585C /* Main.storyboard */ = {
			isa = PBXVariantGroup;
			children = (
				7D96C18C2862E21E001E585C /* Base */,
			);
			name = Main.storyboard;
			sourceTree = "<group>";
		};
		7D96C1902862E225001E585C /* LaunchScreen.storyboard */ = {
			isa = PBXVariantGroup;
			children = (
				7D96C1912862E225001E585C /* Base */,
			);
			name = LaunchScreen.storyboard;
			sourceTree = "<group>";
		};
/* End PBXVariantGroup section */

/* Begin XCBuildConfiguration section */
		7D96C1AA2862E225001E585C /* Debug */ = {
			isa = XCBuildConfiguration;
			buildSettings = {
				ALWAYS_SEARCH_USER_PATHS = NO;
				CLANG_ANALYZER_NONNULL = YES;
				CLANG_ANALYZER_NUMBER_OBJECT_CONVERSION = YES_AGGRESSIVE;
				CLANG_CXX_LANGUAGE_STANDARD = "gnu++17";
				CLANG_CXX_LIBRARY = "libc++";
				CLANG_ENABLE_MODULES = YES;
				CLANG_ENABLE_OBJC_ARC = YES;
				CLANG_ENABLE_OBJC_WEAK = YES;
				CLANG_WARN_BLOCK_CAPTURE_AUTORELEASING = YES;
				CLANG_WARN_BOOL_CONVERSION = YES;
				CLANG_WARN_COMMA = YES;
				CLANG_WARN_CONSTANT_CONVERSION = YES;
				CLANG_WARN_DEPRECATED_OBJC_IMPLEMENTATIONS = YES;
				CLANG_WARN_DIRECT_OBJC_ISA_USAGE = YES_ERROR;
				CLANG_WARN_DOCUMENTATION_COMMENTS = YES;
				CLANG_WARN_EMPTY_BODY = YES;
				CLANG_WARN_ENUM_CONVERSION = YES;
				CLANG_WARN_INFINITE_RECURSION = YES;
				CLANG_WARN_INT_CONVERSION = YES;
				CLANG_WARN_NON_LITERAL_NULL_CONVERSION = YES;
				CLANG_WARN_OBJC_IMPLICIT_RETAIN_SELF = YES;
				CLANG_WARN_OBJC_LITERAL_CONVERSION = YES;
				CLANG_WARN_OBJC_ROOT_CLASS = YES_ERROR;
				CLANG_WARN_QUOTED_INCLUDE_IN_FRAMEWORK_HEADER = YES;
				CLANG_WARN_RANGE_LOOP_ANALYSIS = YES;
				CLANG_WARN_STRICT_PROTOTYPES = YES;
				CLANG_WARN_SUSPICIOUS_MOVE = YES;
				CLANG_WARN_UNGUARDED_AVAILABILITY = YES_AGGRESSIVE;
				CLANG_WARN_UNREACHABLE_CODE = YES;
				CLANG_WARN__DUPLICATE_METHOD_MATCH = YES;
				COPY_PHASE_STRIP = NO;
				DEBUG_INFORMATION_FORMAT = dwarf;
				ENABLE_STRICT_OBJC_MSGSEND = YES;
				ENABLE_TESTABILITY = YES;
				GCC_C_LANGUAGE_STANDARD = gnu11;
				GCC_DYNAMIC_NO_PIC = NO;
				GCC_NO_COMMON_BLOCKS = YES;
				GCC_OPTIMIZATION_LEVEL = 0;
				GCC_PREPROCESSOR_DEFINITIONS = (
					"DEBUG=1",
					"$(inherited)",
				);
				GCC_WARN_64_TO_32_BIT_CONVERSION = YES;
				GCC_WARN_ABOUT_RETURN_TYPE = YES_ERROR;
				GCC_WARN_UNDECLARED_SELECTOR = YES;
				GCC_WARN_UNINITIALIZED_AUTOS = YES_AGGRESSIVE;
				GCC_WARN_UNUSED_FUNCTION = YES;
				GCC_WARN_UNUSED_VARIABLE = YES;
				IPHONEOS_DEPLOYMENT_TARGET = 15.0;
				MTL_ENABLE_DEBUG_INFO = INCLUDE_SOURCE;
				MTL_FAST_MATH = YES;
				ONLY_ACTIVE_ARCH = YES;
				SDKROOT = iphoneos;
				SWIFT_ACTIVE_COMPILATION_CONDITIONS = DEBUG;
				SWIFT_OPTIMIZATION_LEVEL = "-Onone";
			};
			name = Debug;
		};
		7D96C1AB2862E225001E585C /* Release */ = {
			isa = XCBuildConfiguration;
			buildSettings = {
				ALWAYS_SEARCH_USER_PATHS = NO;
				CLANG_ANALYZER_NONNULL = YES;
				CLANG_ANALYZER_NUMBER_OBJECT_CONVERSION = YES_AGGRESSIVE;
				CLANG_CXX_LANGUAGE_STANDARD = "gnu++17";
				CLANG_CXX_LIBRARY = "libc++";
				CLANG_ENABLE_MODULES = YES;
				CLANG_ENABLE_OBJC_ARC = YES;
				CLANG_ENABLE_OBJC_WEAK = YES;
				CLANG_WARN_BLOCK_CAPTURE_AUTORELEASING = YES;
				CLANG_WARN_BOOL_CONVERSION = YES;
				CLANG_WARN_COMMA = YES;
				CLANG_WARN_CONSTANT_CONVERSION = YES;
				CLANG_WARN_DEPRECATED_OBJC_IMPLEMENTATIONS = YES;
				CLANG_WARN_DIRECT_OBJC_ISA_USAGE = YES_ERROR;
				CLANG_WARN_DOCUMENTATION_COMMENTS = YES;
				CLANG_WARN_EMPTY_BODY = YES;
				CLANG_WARN_ENUM_CONVERSION = YES;
				CLANG_WARN_INFINITE_RECURSION = YES;
				CLANG_WARN_INT_CONVERSION = YES;
				CLANG_WARN_NON_LITERAL_NULL_CONVERSION = YES;
				CLANG_WARN_OBJC_IMPLICIT_RETAIN_SELF = YES;
				CLANG_WARN_OBJC_LITERAL_CONVERSION = YES;
				CLANG_WARN_OBJC_ROOT_CLASS = YES_ERROR;
				CLANG_WARN_QUOTED_INCLUDE_IN_FRAMEWORK_HEADER = YES;
				CLANG_WARN_RANGE_LOOP_ANALYSIS = YES;
				CLANG_WARN_STRICT_PROTOTYPES = YES;
				CLANG_WARN_SUSPICIOUS_MOVE = YES;
				CLANG_WARN_UNGUARDED_AVAILABILITY = YES_AGGRESSIVE;
				CLANG_WARN_UNREACHABLE_CODE = YES;
				CLANG_WARN__DUPLICATE_METHOD_MATCH = YES;
				COPY_PHASE_STRIP = NO;
				DEBUG_INFORMATION_FORMAT = "dwarf-with-dsym";
				ENABLE_NS_ASSERTIONS = NO;
				ENABLE_STRICT_OBJC_MSGSEND = YES;
				GCC_C_LANGUAGE_STANDARD = gnu11;
				GCC_NO_COMMON_BLOCKS = YES;
				GCC_WARN_64_TO_32_BIT_CONVERSION = YES;
				GCC_WARN_ABOUT_RETURN_TYPE = YES_ERROR;
				GCC_WARN_UNDECLARED_SELECTOR = YES;
				GCC_WARN_UNINITIALIZED_AUTOS = YES_AGGRESSIVE;
				GCC_WARN_UNUSED_FUNCTION = YES;
				GCC_WARN_UNUSED_VARIABLE = YES;
				IPHONEOS_DEPLOYMENT_TARGET = 15.0;
				MTL_ENABLE_DEBUG_INFO = NO;
				MTL_FAST_MATH = YES;
				SDKROOT = iphoneos;
				SWIFT_COMPILATION_MODE = wholemodule;
				SWIFT_OPTIMIZATION_LEVEL = "-O";
				VALIDATE_PRODUCT = YES;
			};
			name = Release;
		};
		7D96C1AD2862E225001E585C /* Debug */ = {
			isa = XCBuildConfiguration;
			baseConfigurationReference = 768B96408A08ED390224FBC3 /* Pods-Ride-Share FR.debug.xcconfig */;
			buildSettings = {
				ASSETCATALOG_COMPILER_APPICON_NAME = AppIcon;
				ASSETCATALOG_COMPILER_GLOBAL_ACCENT_COLOR_NAME = AccentColor;
				CODE_SIGN_ENTITLEMENTS = "Ride-Share FR/Ride-Share FR.entitlements";
				CODE_SIGN_IDENTITY = "Apple Development";
				CODE_SIGN_STYLE = Automatic;
				CURRENT_PROJECT_VERSION = 1.4;
				DEVELOPMENT_TEAM = TC9HP2A68W;
				GENERATE_INFOPLIST_FILE = YES;
				INFOPLIST_FILE = "Ride-Share FR/Info.plist";
				INFOPLIST_KEY_CFBundleDisplayName = "SafeRide Driver";
				INFOPLIST_KEY_NSCameraUsageDescription = "This application will make use of the Photo Library to upload identity of the user";
				INFOPLIST_KEY_NSLocationAlwaysAndWhenInUseUsageDescription = "This application will take the current location of the driver to find the best location for you";
				INFOPLIST_KEY_NSLocationAlwaysUsageDescription = "This application will take the current location of the driver to find the best location for you";
				INFOPLIST_KEY_NSLocationUsageDescription = "Location will be used for to find nearby ride or driver.";
				INFOPLIST_KEY_NSLocationWhenInUseUsageDescription = "This application will take the current location of the driver to find the best location for you";
				INFOPLIST_KEY_NSPhotoLibraryUsageDescription = "This application will make use of the Photo Library to upload identity of the user";
				INFOPLIST_KEY_UIApplicationSupportsIndirectInputEvents = YES;
				INFOPLIST_KEY_UILaunchStoryboardName = LaunchScreen;
				INFOPLIST_KEY_UIMainStoryboardFile = Main;
				INFOPLIST_KEY_UISupportedInterfaceOrientations_iPad = "UIInterfaceOrientationPortrait UIInterfaceOrientationPortraitUpsideDown UIInterfaceOrientationLandscapeLeft UIInterfaceOrientationLandscapeRight";
				INFOPLIST_KEY_UISupportedInterfaceOrientations_iPhone = "UIInterfaceOrientationPortrait UIInterfaceOrientationLandscapeLeft UIInterfaceOrientationLandscapeRight";
				INFOPLIST_KEY_UIUserInterfaceStyle = Light;
				IPHONEOS_DEPLOYMENT_TARGET = 12.1;
				LD_RUNPATH_SEARCH_PATHS = (
					"$(inherited)",
					"@executable_path/Frameworks",
				);
				MARKETING_VERSION = 1.4;
				PRODUCT_BUNDLE_IDENTIFIER = "com.tv.app.Ride-Share-FR";
				PRODUCT_NAME = "$(TARGET_NAME)";
				PROVISIONING_PROFILE_SPECIFIER = "";
				SWIFT_EMIT_LOC_STRINGS = YES;
				SWIFT_VERSION = 5.0;
				TARGETED_DEVICE_FAMILY = 1;
			};
			name = Debug;
		};
		7D96C1AE2862E225001E585C /* Release */ = {
			isa = XCBuildConfiguration;
			baseConfigurationReference = F00B4FE253517D9D44A2C66C /* Pods-Ride-Share FR.release.xcconfig */;
			buildSettings = {
				ASSETCATALOG_COMPILER_APPICON_NAME = AppIcon;
				ASSETCATALOG_COMPILER_GLOBAL_ACCENT_COLOR_NAME = AccentColor;
				CODE_SIGN_ENTITLEMENTS = "Ride-Share FR/Ride-Share FR.entitlements";
				CODE_SIGN_IDENTITY = "Apple Development";
				CODE_SIGN_STYLE = Automatic;
				CURRENT_PROJECT_VERSION = 1.4;
				DEVELOPMENT_TEAM = TC9HP2A68W;
				GENERATE_INFOPLIST_FILE = YES;
				INFOPLIST_FILE = "Ride-Share FR/Info.plist";
				INFOPLIST_KEY_CFBundleDisplayName = "SafeRide Driver";
				INFOPLIST_KEY_NSCameraUsageDescription = "This application will make use of the Photo Library to upload identity of the user";
				INFOPLIST_KEY_NSLocationAlwaysAndWhenInUseUsageDescription = "This application will take the current location of the driver to find the best location for you";
				INFOPLIST_KEY_NSLocationAlwaysUsageDescription = "This application will take the current location of the driver to find the best location for you";
				INFOPLIST_KEY_NSLocationUsageDescription = "Location will be used for to find nearby ride or driver.";
				INFOPLIST_KEY_NSLocationWhenInUseUsageDescription = "This application will take the current location of the driver to find the best location for you";
				INFOPLIST_KEY_NSPhotoLibraryUsageDescription = "This application will make use of the Photo Library to upload identity of the user";
				INFOPLIST_KEY_UIApplicationSupportsIndirectInputEvents = YES;
				INFOPLIST_KEY_UILaunchStoryboardName = LaunchScreen;
				INFOPLIST_KEY_UIMainStoryboardFile = Main;
				INFOPLIST_KEY_UISupportedInterfaceOrientations_iPad = "UIInterfaceOrientationPortrait UIInterfaceOrientationPortraitUpsideDown UIInterfaceOrientationLandscapeLeft UIInterfaceOrientationLandscapeRight";
				INFOPLIST_KEY_UISupportedInterfaceOrientations_iPhone = "UIInterfaceOrientationPortrait UIInterfaceOrientationLandscapeLeft UIInterfaceOrientationLandscapeRight";
				INFOPLIST_KEY_UIUserInterfaceStyle = Light;
				IPHONEOS_DEPLOYMENT_TARGET = 12.1;
				LD_RUNPATH_SEARCH_PATHS = (
					"$(inherited)",
					"@executable_path/Frameworks",
				);
				MARKETING_VERSION = 1.4;
				PRODUCT_BUNDLE_IDENTIFIER = "com.tv.app.Ride-Share-FR";
				PRODUCT_NAME = "$(TARGET_NAME)";
				PROVISIONING_PROFILE_SPECIFIER = "";
				SWIFT_EMIT_LOC_STRINGS = YES;
				SWIFT_VERSION = 5.0;
				TARGETED_DEVICE_FAMILY = 1;
			};
			name = Release;
		};
		7D96C1B02862E225001E585C /* Debug */ = {
			isa = XCBuildConfiguration;
			baseConfigurationReference = D8AE46DF109822211DFD2EDF /* Pods-Ride-Share FRTests.debug.xcconfig */;
			buildSettings = {
				ALWAYS_EMBED_SWIFT_STANDARD_LIBRARIES = YES;
				BUNDLE_LOADER = "$(TEST_HOST)";
				CODE_SIGN_STYLE = Automatic;
				CURRENT_PROJECT_VERSION = 1;
				GENERATE_INFOPLIST_FILE = YES;
				IPHONEOS_DEPLOYMENT_TARGET = 15.0;
				LD_RUNPATH_SEARCH_PATHS = (
					"$(inherited)",
					"@executable_path/Frameworks",
					"@loader_path/Frameworks",
				);
				MARKETING_VERSION = 1.0;
				PRODUCT_BUNDLE_IDENTIFIER = "com.pr.app.Ride-Share-FRTests";
				PRODUCT_NAME = "$(TARGET_NAME)";
				SWIFT_EMIT_LOC_STRINGS = NO;
				SWIFT_VERSION = 5.0;
				TARGETED_DEVICE_FAMILY = "1,2";
				TEST_HOST = "$(BUILT_PRODUCTS_DIR)/Ride-Share FR.app/Ride-Share FR";
			};
			name = Debug;
		};
		7D96C1B12862E225001E585C /* Release */ = {
			isa = XCBuildConfiguration;
			baseConfigurationReference = 728BC1213F1FBF4EB7D14307 /* Pods-Ride-Share FRTests.release.xcconfig */;
			buildSettings = {
				ALWAYS_EMBED_SWIFT_STANDARD_LIBRARIES = YES;
				BUNDLE_LOADER = "$(TEST_HOST)";
				CODE_SIGN_STYLE = Automatic;
				CURRENT_PROJECT_VERSION = 1;
				GENERATE_INFOPLIST_FILE = YES;
				IPHONEOS_DEPLOYMENT_TARGET = 15.0;
				LD_RUNPATH_SEARCH_PATHS = (
					"$(inherited)",
					"@executable_path/Frameworks",
					"@loader_path/Frameworks",
				);
				MARKETING_VERSION = 1.0;
				PRODUCT_BUNDLE_IDENTIFIER = "com.pr.app.Ride-Share-FRTests";
				PRODUCT_NAME = "$(TARGET_NAME)";
				SWIFT_EMIT_LOC_STRINGS = NO;
				SWIFT_VERSION = 5.0;
				TARGETED_DEVICE_FAMILY = "1,2";
				TEST_HOST = "$(BUILT_PRODUCTS_DIR)/Ride-Share FR.app/Ride-Share FR";
			};
			name = Release;
		};
		7D96C1B32862E225001E585C /* Debug */ = {
			isa = XCBuildConfiguration;
			baseConfigurationReference = F79EDB2C7E71DAD5539EFD06 /* Pods-Ride-Share FR-Ride-Share FRUITests.debug.xcconfig */;
			buildSettings = {
				ALWAYS_EMBED_SWIFT_STANDARD_LIBRARIES = YES;
				CODE_SIGN_STYLE = Automatic;
				CURRENT_PROJECT_VERSION = 1;
				GENERATE_INFOPLIST_FILE = YES;
				LD_RUNPATH_SEARCH_PATHS = (
					"$(inherited)",
					"@executable_path/Frameworks",
					"@loader_path/Frameworks",
				);
				MARKETING_VERSION = 1.0;
				PRODUCT_BUNDLE_IDENTIFIER = "com.pr.app.Ride-Share-FRUITests";
				PRODUCT_NAME = "$(TARGET_NAME)";
				SWIFT_EMIT_LOC_STRINGS = NO;
				SWIFT_VERSION = 5.0;
				TARGETED_DEVICE_FAMILY = "1,2";
				TEST_TARGET_NAME = "Ride-Share FR";
			};
			name = Debug;
		};
		7D96C1B42862E225001E585C /* Release */ = {
			isa = XCBuildConfiguration;
			baseConfigurationReference = FA595D13B0BD5409715B2061 /* Pods-Ride-Share FR-Ride-Share FRUITests.release.xcconfig */;
			buildSettings = {
				ALWAYS_EMBED_SWIFT_STANDARD_LIBRARIES = YES;
				CODE_SIGN_STYLE = Automatic;
				CURRENT_PROJECT_VERSION = 1;
				GENERATE_INFOPLIST_FILE = YES;
				LD_RUNPATH_SEARCH_PATHS = (
					"$(inherited)",
					"@executable_path/Frameworks",
					"@loader_path/Frameworks",
				);
				MARKETING_VERSION = 1.0;
				PRODUCT_BUNDLE_IDENTIFIER = "com.pr.app.Ride-Share-FRUITests";
				PRODUCT_NAME = "$(TARGET_NAME)";
				SWIFT_EMIT_LOC_STRINGS = NO;
				SWIFT_VERSION = 5.0;
				TARGETED_DEVICE_FAMILY = "1,2";
				TEST_TARGET_NAME = "Ride-Share FR";
			};
			name = Release;
		};
/* End XCBuildConfiguration section */

/* Begin XCConfigurationList section */
		7D96C17D2862E21E001E585C /* Build configuration list for PBXProject "Ride-Share FR" */ = {
			isa = XCConfigurationList;
			buildConfigurations = (
				7D96C1AA2862E225001E585C /* Debug */,
				7D96C1AB2862E225001E585C /* Release */,
			);
			defaultConfigurationIsVisible = 0;
			defaultConfigurationName = Release;
		};
		7D96C1AC2862E225001E585C /* Build configuration list for PBXNativeTarget "Ride-Share FR" */ = {
			isa = XCConfigurationList;
			buildConfigurations = (
				7D96C1AD2862E225001E585C /* Debug */,
				7D96C1AE2862E225001E585C /* Release */,
			);
			defaultConfigurationIsVisible = 0;
			defaultConfigurationName = Release;
		};
		7D96C1AF2862E225001E585C /* Build configuration list for PBXNativeTarget "Ride-Share FRTests" */ = {
			isa = XCConfigurationList;
			buildConfigurations = (
				7D96C1B02862E225001E585C /* Debug */,
				7D96C1B12862E225001E585C /* Release */,
			);
			defaultConfigurationIsVisible = 0;
			defaultConfigurationName = Release;
		};
		7D96C1B22862E225001E585C /* Build configuration list for PBXNativeTarget "Ride-Share FRUITests" */ = {
			isa = XCConfigurationList;
			buildConfigurations = (
				7D96C1B32862E225001E585C /* Debug */,
				7D96C1B42862E225001E585C /* Release */,
			);
			defaultConfigurationIsVisible = 0;
			defaultConfigurationName = Release;
		};
/* End XCConfigurationList section */
	};
	rootObject = 7D96C17A2862E21E001E585C /* Project object */;
}
